// !$*UTF8*$!
{
	archiveVersion = 1;
	classes = {
	};
	objectVersion = 45;
	objects = {

/* Begin PBXBuildFile section */
		140C0F2912F189430045813A /* macro.cpp in Sources */ = {isa = PBXBuildFile; fileRef = 14085DB012DA76120084F11C /* macro.cpp */; };
		140C0F5B12F42D6C0045813A /* symbol.cpp in Sources */ = {isa = PBXBuildFile; fileRef = 14085DB512DA76120084F11C /* symbol.cpp */; };
		140C0F6512F42E860045813A /* build.cpp in Sources */ = {isa = PBXBuildFile; fileRef = 14085DA712DA76120084F11C /* build.cpp */; };
		140C0F6D12F430020045813A /* opparse.cpp in Sources */ = {isa = PBXBuildFile; fileRef = 14085DB312DA76120084F11C /* opparse.cpp */; };
		140C0F7512F430540045813A /* instlook.cpp in Sources */ = {isa = PBXBuildFile; fileRef = 14085DAD12DA76120084F11C /* instlook.cpp */; };
		140C0F7D12F430DB0045813A /* insttabl.cpp in Sources */ = {isa = PBXBuildFile; fileRef = 14085DAE12DA76120084F11C /* insttabl.cpp */; };
		140C0FA312F433690045813A /* directiv.cpp in Sources */ = {isa = PBXBuildFile; fileRef = 14085DA912DA76120084F11C /* directiv.cpp */; };
		14291E8E12E25565009769CB /* indent_decrease.png in Resources */ = {isa = PBXBuildFile; fileRef = 14291E8C12E25565009769CB /* indent_decrease.png */; };
		14291E8F12E25565009769CB /* indent_increase.png in Resources */ = {isa = PBXBuildFile; fileRef = 14291E8D12E25565009769CB /* indent_increase.png */; };
		14295E1112E4EBE9008BF6B5 /* indent_decrease-small.png in Resources */ = {isa = PBXBuildFile; fileRef = 14295E0F12E4EBE9008BF6B5 /* indent_decrease-small.png */; };
		14295E1212E4EBE9008BF6B5 /* indent_increase-small.png in Resources */ = {isa = PBXBuildFile; fileRef = 14295E1012E4EBE9008BF6B5 /* indent_increase-small.png */; };
		14295E1512E4ECF8008BF6B5 /* playback_play.png in Resources */ = {isa = PBXBuildFile; fileRef = 14295E1412E4ECF8008BF6B5 /* playback_play.png */; };
		14295E1712E4ED05008BF6B5 /* playback_play-small.png in Resources */ = {isa = PBXBuildFile; fileRef = 14295E1612E4ED05008BF6B5 /* playback_play-small.png */; };
		1442017B12E7B5CE00B0C666 /* print-small.png in Resources */ = {isa = PBXBuildFile; fileRef = 1442017A12E7B5CE00B0C666 /* print-small.png */; };
		1442017E12E7B5DC00B0C666 /* print.png in Resources */ = {isa = PBXBuildFile; fileRef = 1442017D12E7B5DC00B0C666 /* print.png */; };
		1442018012E7B64E00B0C666 /* list_num.png in Resources */ = {isa = PBXBuildFile; fileRef = 1442017F12E7B64E00B0C666 /* list_num.png */; };
		1442018212E7B66300B0C666 /* list_num-small.png in Resources */ = {isa = PBXBuildFile; fileRef = 1442018112E7B66300B0C666 /* list_num-small.png */; };
		14534FF812EFDED10093FC9B /* assemble.cpp in Sources */ = {isa = PBXBuildFile; fileRef = 14085DA512DA76120084F11C /* assemble.cpp */; };
		145A169B1385C5F100884D4F /* CodeEditor.m in Sources */ = {isa = PBXBuildFile; fileRef = 145A169A1385C5F100884D4F /* CodeEditor.m */; };
		1479394413846E9300F8E50C /* NoodleLineNumberView.m in Sources */ = {isa = PBXBuildFile; fileRef = 1479394313846E9300F8E50C /* NoodleLineNumberView.m */; };
		1479394B1384701700F8E50C /* NoodleLineNumberMarker.m in Sources */ = {isa = PBXBuildFile; fileRef = 1479394A1384701700F8E50C /* NoodleLineNumberMarker.m */; };
		147939541384707200F8E50C /* MarkerLineNumberView.m in Sources */ = {isa = PBXBuildFile; fileRef = 147939531384707200F8E50C /* MarkerLineNumberView.m */; };
		14BDECFF130FD0A300C24410 /* attention.png in Resources */ = {isa = PBXBuildFile; fileRef = 14BDECFE130FD0A300C24410 /* attention.png */; };
		14DDCA5A12E7D55100DDD613 /* template.x68 in Resources */ = {isa = PBXBuildFile; fileRef = 14DDCA5912E7D55100DDD613 /* template.x68 */; };
		14DDE81F12F4D956004765D0 /* codegen.cpp in Sources */ = {isa = PBXBuildFile; fileRef = 14085DA812DA76120084F11C /* codegen.cpp */; };
		14DDE82D12F4DA4A004765D0 /* object.cpp in Sources */ = {isa = PBXBuildFile; fileRef = 14085DB212DA76120084F11C /* object.cpp */; };
		14DDE83812F4E6A6004765D0 /* movem.cpp in Sources */ = {isa = PBXBuildFile; fileRef = 14085DB112DA76120084F11C /* movem.cpp */; };
		14DDE84512F4E802004765D0 /* structured.cpp in Sources */ = {isa = PBXBuildFile; fileRef = 14085DB412DA76120084F11C /* structured.cpp */; };
		14DF9E5512F0DA5200FA3080 /* globals.cpp in Sources */ = {isa = PBXBuildFile; fileRef = 14085DAC12DA76120084F11C /* globals.cpp */; };
		14DF9E5A12F0DACD00FA3080 /* error.cpp in Sources */ = {isa = PBXBuildFile; fileRef = 14085DAA12DA76120084F11C /* error.cpp */; };
		14DF9E7C12F0E1AF00FA3080 /* eval.cpp in Sources */ = {isa = PBXBuildFile; fileRef = 14085DAB12DA76120084F11C /* eval.cpp */; };
		14DF9E8312F0E30F00FA3080 /* listing.cpp in Sources */ = {isa = PBXBuildFile; fileRef = 14085DAF12DA76120084F11C /* listing.cpp */; };
		1DDD582C0DA1D0D100B32029 /* AssemblyFile.xib in Resources */ = {isa = PBXBuildFile; fileRef = 1DDD58280DA1D0D100B32029 /* AssemblyFile.xib */; };
		1DDD582D0DA1D0D100B32029 /* MainMenu.xib in Resources */ = {isa = PBXBuildFile; fileRef = 1DDD582A0DA1D0D100B32029 /* MainMenu.xib */; };
		8D15AC2C0486D014006FF6A4 /* Credits.rtf in Resources */ = {isa = PBXBuildFile; fileRef = 2A37F4B9FDCFA73011CA2CEA /* Credits.rtf */; };
		8D15AC2F0486D014006FF6A4 /* InfoPlist.strings in Resources */ = {isa = PBXBuildFile; fileRef = 089C165FFE840EACC02AAC07 /* InfoPlist.strings */; };
		8D15AC310486D014006FF6A4 /* AssemblyFile.m in Sources */ = {isa = PBXBuildFile; fileRef = 2A37F4ACFDCFA73011CA2CEA /* AssemblyFile.m */; settings = {ATTRIBUTES = (); }; };
		8D15AC320486D014006FF6A4 /* main.m in Sources */ = {isa = PBXBuildFile; fileRef = 2A37F4B0FDCFA73011CA2CEA /* main.m */; settings = {ATTRIBUTES = (); }; };
		8D15AC340486D014006FF6A4 /* Cocoa.framework in Frameworks */ = {isa = PBXBuildFile; fileRef = 1058C7A7FEA54F5311CA2CBB /* Cocoa.framework */; };
/* End PBXBuildFile section */

/* Begin PBXFileReference section */
		089C1660FE840EACC02AAC07 /* English */ = {isa = PBXFileReference; fileEncoding = 4; lastKnownFileType = text.plist.strings; name = English; path = English.lproj/InfoPlist.strings; sourceTree = "<group>"; };
		1058C7A7FEA54F5311CA2CBB /* Cocoa.framework */ = {isa = PBXFileReference; lastKnownFileType = wrapper.framework; name = Cocoa.framework; path = /System/Library/Frameworks/Cocoa.framework; sourceTree = "<absolute>"; };
		13E42FBA07B3F13500E4EEF1 /* CoreData.framework */ = {isa = PBXFileReference; lastKnownFileType = wrapper.framework; name = CoreData.framework; path = /System/Library/Frameworks/CoreData.framework; sourceTree = "<absolute>"; };
		14085DA512DA76120084F11C /* assemble.cpp */ = {isa = PBXFileReference; fileEncoding = 4; lastKnownFileType = sourcecode.cpp.cpp; name = assemble.cpp; path = edit68k/assemble.cpp; sourceTree = "<group>"; };
		14085DA612DA76120084F11C /* binfile.cpp */ = {isa = PBXFileReference; fileEncoding = 4; lastKnownFileType = sourcecode.cpp.cpp; name = binfile.cpp; path = edit68k/binfile.cpp; sourceTree = "<group>"; };
		14085DA712DA76120084F11C /* build.cpp */ = {isa = PBXFileReference; fileEncoding = 4; lastKnownFileType = sourcecode.cpp.cpp; name = build.cpp; path = edit68k/build.cpp; sourceTree = "<group>"; };
		14085DA812DA76120084F11C /* codegen.cpp */ = {isa = PBXFileReference; fileEncoding = 4; lastKnownFileType = sourcecode.cpp.cpp; name = codegen.cpp; path = edit68k/codegen.cpp; sourceTree = "<group>"; };
		14085DA912DA76120084F11C /* directiv.cpp */ = {isa = PBXFileReference; fileEncoding = 4; lastKnownFileType = sourcecode.cpp.cpp; name = directiv.cpp; path = edit68k/directiv.cpp; sourceTree = "<group>"; };
		14085DAA12DA76120084F11C /* error.cpp */ = {isa = PBXFileReference; fileEncoding = 4; lastKnownFileType = sourcecode.cpp.cpp; name = error.cpp; path = edit68k/error.cpp; sourceTree = "<group>"; };
		14085DAB12DA76120084F11C /* eval.cpp */ = {isa = PBXFileReference; fileEncoding = 4; lastKnownFileType = sourcecode.cpp.cpp; name = eval.cpp; path = edit68k/eval.cpp; sourceTree = "<group>"; };
		14085DAC12DA76120084F11C /* globals.cpp */ = {isa = PBXFileReference; fileEncoding = 4; lastKnownFileType = sourcecode.cpp.cpp; name = globals.cpp; path = edit68k/globals.cpp; sourceTree = "<group>"; };
		14085DAD12DA76120084F11C /* instlook.cpp */ = {isa = PBXFileReference; fileEncoding = 4; lastKnownFileType = sourcecode.cpp.cpp; name = instlook.cpp; path = edit68k/instlook.cpp; sourceTree = "<group>"; };
		14085DAE12DA76120084F11C /* insttabl.cpp */ = {isa = PBXFileReference; fileEncoding = 4; lastKnownFileType = sourcecode.cpp.cpp; name = insttabl.cpp; path = edit68k/insttabl.cpp; sourceTree = "<group>"; };
		14085DAF12DA76120084F11C /* listing.cpp */ = {isa = PBXFileReference; fileEncoding = 4; lastKnownFileType = sourcecode.cpp.cpp; name = listing.cpp; path = edit68k/listing.cpp; sourceTree = "<group>"; };
		14085DB012DA76120084F11C /* macro.cpp */ = {isa = PBXFileReference; fileEncoding = 4; lastKnownFileType = sourcecode.cpp.cpp; name = macro.cpp; path = edit68k/macro.cpp; sourceTree = "<group>"; };
		14085DB112DA76120084F11C /* movem.cpp */ = {isa = PBXFileReference; fileEncoding = 4; lastKnownFileType = sourcecode.cpp.cpp; name = movem.cpp; path = edit68k/movem.cpp; sourceTree = "<group>"; };
		14085DB212DA76120084F11C /* object.cpp */ = {isa = PBXFileReference; fileEncoding = 4; lastKnownFileType = sourcecode.cpp.cpp; name = object.cpp; path = edit68k/object.cpp; sourceTree = "<group>"; };
		14085DB312DA76120084F11C /* opparse.cpp */ = {isa = PBXFileReference; fileEncoding = 4; lastKnownFileType = sourcecode.cpp.cpp; name = opparse.cpp; path = edit68k/opparse.cpp; sourceTree = "<group>"; };
		14085DB412DA76120084F11C /* structured.cpp */ = {isa = PBXFileReference; fileEncoding = 4; lastKnownFileType = sourcecode.cpp.cpp; name = structured.cpp; path = edit68k/structured.cpp; sourceTree = "<group>"; };
		14085DB512DA76120084F11C /* symbol.cpp */ = {isa = PBXFileReference; fileEncoding = 4; lastKnownFileType = sourcecode.cpp.cpp; name = symbol.cpp; path = edit68k/symbol.cpp; sourceTree = "<group>"; };
		141652E9138B5F2C00D5AB0E /* Edit68KMac.h */ = {isa = PBXFileReference; fileEncoding = 4; lastKnownFileType = sourcecode.c.h; path = Edit68KMac.h; sourceTree = "<group>"; };
		142260FB12EE6CE300B9E087 /* asm.h */ = {isa = PBXFileReference; fileEncoding = 4; lastKnownFileType = sourcecode.c.h; name = asm.h; path = edit68k/asm.h; sourceTree = "<group>"; };
		14291E8C12E25565009769CB /* indent_decrease.png */ = {isa = PBXFileReference; lastKnownFileType = image.png; path = indent_decrease.png; sourceTree = "<group>"; };
		14291E8D12E25565009769CB /* indent_increase.png */ = {isa = PBXFileReference; lastKnownFileType = image.png; path = indent_increase.png; sourceTree = "<group>"; };
		14295E0F12E4EBE9008BF6B5 /* indent_decrease-small.png */ = {isa = PBXFileReference; lastKnownFileType = image.png; path = "indent_decrease-small.png"; sourceTree = "<group>"; };
		14295E1012E4EBE9008BF6B5 /* indent_increase-small.png */ = {isa = PBXFileReference; lastKnownFileType = image.png; path = "indent_increase-small.png"; sourceTree = "<group>"; };
		14295E1412E4ECF8008BF6B5 /* playback_play.png */ = {isa = PBXFileReference; lastKnownFileType = image.png; path = playback_play.png; sourceTree = "<group>"; };
		14295E1612E4ED05008BF6B5 /* playback_play-small.png */ = {isa = PBXFileReference; lastKnownFileType = image.png; path = "playback_play-small.png"; sourceTree = "<group>"; };
		1442017A12E7B5CE00B0C666 /* print-small.png */ = {isa = PBXFileReference; lastKnownFileType = image.png; path = "print-small.png"; sourceTree = "<group>"; };
		1442017D12E7B5DC00B0C666 /* print.png */ = {isa = PBXFileReference; lastKnownFileType = image.png; path = print.png; sourceTree = "<group>"; };
		1442017F12E7B64E00B0C666 /* list_num.png */ = {isa = PBXFileReference; lastKnownFileType = image.png; path = list_num.png; sourceTree = "<group>"; };
		1442018112E7B66300B0C666 /* list_num-small.png */ = {isa = PBXFileReference; lastKnownFileType = image.png; path = "list_num-small.png"; sourceTree = "<group>"; };
		14534FEF12EFDA650093FC9B /* proto.h */ = {isa = PBXFileReference; fileEncoding = 4; lastKnownFileType = sourcecode.c.h; name = proto.h; path = edit68k/proto.h; sourceTree = "<group>"; };
		145A16991385C5F100884D4F /* CodeEditor.h */ = {isa = PBXFileReference; fileEncoding = 4; lastKnownFileType = sourcecode.c.h; path = CodeEditor.h; sourceTree = "<group>"; };
		145A169A1385C5F100884D4F /* CodeEditor.m */ = {isa = PBXFileReference; fileEncoding = 4; lastKnownFileType = sourcecode.c.objc; path = CodeEditor.m; sourceTree = "<group>"; };
		1479394213846E9300F8E50C /* NoodleLineNumberView.h */ = {isa = PBXFileReference; fileEncoding = 4; lastKnownFileType = sourcecode.c.h; path = NoodleLineNumberView.h; sourceTree = "<group>"; };
		1479394313846E9300F8E50C /* NoodleLineNumberView.m */ = {isa = PBXFileReference; fileEncoding = 4; lastKnownFileType = sourcecode.c.objc; path = NoodleLineNumberView.m; sourceTree = "<group>"; };
		147939491384701700F8E50C /* NoodleLineNumberMarker.h */ = {isa = PBXFileReference; fileEncoding = 4; lastKnownFileType = sourcecode.c.h; path = NoodleLineNumberMarker.h; sourceTree = "<group>"; };
		1479394A1384701700F8E50C /* NoodleLineNumberMarker.m */ = {isa = PBXFileReference; fileEncoding = 4; lastKnownFileType = sourcecode.c.objc; path = NoodleLineNumberMarker.m; sourceTree = "<group>"; };
		147939521384707200F8E50C /* MarkerLineNumberView.h */ = {isa = PBXFileReference; fileEncoding = 4; lastKnownFileType = sourcecode.c.h; path = MarkerLineNumberView.h; sourceTree = "<group>"; };
		147939531384707200F8E50C /* MarkerLineNumberView.m */ = {isa = PBXFileReference; fileEncoding = 4; lastKnownFileType = sourcecode.c.objc; path = MarkerLineNumberView.m; sourceTree = "<group>"; };
		14BDECFE130FD0A300C24410 /* attention.png */ = {isa = PBXFileReference; lastKnownFileType = image.png; path = attention.png; sourceTree = "<group>"; };
		14DDCA5912E7D55100DDD613 /* template.x68 */ = {isa = PBXFileReference; fileEncoding = 4; lastKnownFileType = text; path = template.x68; sourceTree = "<group>"; };
		1DDD58290DA1D0D100B32029 /* English */ = {isa = PBXFileReference; lastKnownFileType = file.xib; name = English; path = English.lproj/AssemblyFile.xib; sourceTree = "<group>"; };
		1DDD582B0DA1D0D100B32029 /* English */ = {isa = PBXFileReference; lastKnownFileType = file.xib; name = English; path = English.lproj/MainMenu.xib; sourceTree = "<group>"; };
		2564AD2C0F5327BB00F57823 /* Edit68K_Prefix.pch */ = {isa = PBXFileReference; fileEncoding = 4; lastKnownFileType = sourcecode.c.h; path = Edit68K_Prefix.pch; sourceTree = "<group>"; };
		2A37F4ACFDCFA73011CA2CEA /* AssemblyFile.m */ = {isa = PBXFileReference; fileEncoding = 4; lastKnownFileType = sourcecode.c.objc; path = AssemblyFile.m; sourceTree = "<group>"; };
		2A37F4AEFDCFA73011CA2CEA /* AssemblyFile.h */ = {isa = PBXFileReference; fileEncoding = 4; lastKnownFileType = sourcecode.c.h; path = AssemblyFile.h; sourceTree = "<group>"; };
		2A37F4B0FDCFA73011CA2CEA /* main.m */ = {isa = PBXFileReference; fileEncoding = 4; lastKnownFileType = sourcecode.c.objc; path = main.m; sourceTree = "<group>"; };
		2A37F4BAFDCFA73011CA2CEA /* English */ = {isa = PBXFileReference; lastKnownFileType = text.rtf; name = English; path = English.lproj/Credits.rtf; sourceTree = "<group>"; };
		2A37F4C4FDCFA73011CA2CEA /* AppKit.framework */ = {isa = PBXFileReference; lastKnownFileType = wrapper.framework; name = AppKit.framework; path = /System/Library/Frameworks/AppKit.framework; sourceTree = "<absolute>"; };
		2A37F4C5FDCFA73011CA2CEA /* Foundation.framework */ = {isa = PBXFileReference; lastKnownFileType = wrapper.framework; name = Foundation.framework; path = /System/Library/Frameworks/Foundation.framework; sourceTree = "<absolute>"; };
		8D15AC360486D014006FF6A4 /* Edit68K-Info.plist */ = {isa = PBXFileReference; fileEncoding = 4; lastKnownFileType = text.plist.xml; path = "Edit68K-Info.plist"; sourceTree = "<group>"; };
		8D15AC370486D014006FF6A4 /* Edit68K.app */ = {isa = PBXFileReference; explicitFileType = wrapper.application; includeInIndex = 0; path = Edit68K.app; sourceTree = BUILT_PRODUCTS_DIR; };
/* End PBXFileReference section */

/* Begin PBXFrameworksBuildPhase section */
		8D15AC330486D014006FF6A4 /* Frameworks */ = {
			isa = PBXFrameworksBuildPhase;
			buildActionMask = 2147483647;
			files = (
				8D15AC340486D014006FF6A4 /* Cocoa.framework in Frameworks */,
			);
			runOnlyForDeploymentPostprocessing = 0;
		};
/* End PBXFrameworksBuildPhase section */

/* Begin PBXGroup section */
		1058C7A6FEA54F5311CA2CBB /* Linked Frameworks */ = {
			isa = PBXGroup;
			children = (
				1058C7A7FEA54F5311CA2CBB /* Cocoa.framework */,
			);
			name = "Linked Frameworks";
			sourceTree = "<group>";
		};
		1058C7A8FEA54F5311CA2CBB /* Other Frameworks */ = {
			isa = PBXGroup;
			children = (
				2A37F4C4FDCFA73011CA2CEA /* AppKit.framework */,
				13E42FBA07B3F13500E4EEF1 /* CoreData.framework */,
				2A37F4C5FDCFA73011CA2CEA /* Foundation.framework */,
			);
			name = "Other Frameworks";
			sourceTree = "<group>";
		};
		14085DA112DA75A40084F11C /* Edit68K Source */ = {
			isa = PBXGroup;
			children = (
				142260FB12EE6CE300B9E087 /* asm.h */,
				14534FEF12EFDA650093FC9B /* proto.h */,
				14085DA512DA76120084F11C /* assemble.cpp */,
				14085DA612DA76120084F11C /* binfile.cpp */,
				14085DA712DA76120084F11C /* build.cpp */,
				14085DA812DA76120084F11C /* codegen.cpp */,
				14085DA912DA76120084F11C /* directiv.cpp */,
				14085DAA12DA76120084F11C /* error.cpp */,
				14085DAB12DA76120084F11C /* eval.cpp */,
				14085DAC12DA76120084F11C /* globals.cpp */,
				14085DAD12DA76120084F11C /* instlook.cpp */,
				14085DAE12DA76120084F11C /* insttabl.cpp */,
				14085DAF12DA76120084F11C /* listing.cpp */,
				14085DB012DA76120084F11C /* macro.cpp */,
				14085DB112DA76120084F11C /* movem.cpp */,
				14085DB212DA76120084F11C /* object.cpp */,
				14085DB312DA76120084F11C /* opparse.cpp */,
				14085DB412DA76120084F11C /* structured.cpp */,
				14085DB512DA76120084F11C /* symbol.cpp */,
			);
			name = "Edit68K Source";
			sourceTree = "<group>";
		};
		19C28FB0FE9D524F11CA2CBB /* Products */ = {
			isa = PBXGroup;
			children = (
				8D15AC370486D014006FF6A4 /* Edit68K.app */,
			);
			name = Products;
			sourceTree = "<group>";
		};
		2A37F4AAFDCFA73011CA2CEA /* EASy68K */ = {
			isa = PBXGroup;
			children = (
				14085DA112DA75A40084F11C /* Edit68K Source */,
				2A37F4ABFDCFA73011CA2CEA /* Classes */,
				2A37F4AFFDCFA73011CA2CEA /* Other Sources */,
				2A37F4B8FDCFA73011CA2CEA /* Resources */,
				2A37F4C3FDCFA73011CA2CEA /* Frameworks */,
				19C28FB0FE9D524F11CA2CBB /* Products */,
			);
			name = EASy68K;
			sourceTree = "<group>";
		};
		2A37F4ABFDCFA73011CA2CEA /* Classes */ = {
			isa = PBXGroup;
			children = (
				141652E9138B5F2C00D5AB0E /* Edit68KMac.h */,
				147939521384707200F8E50C /* MarkerLineNumberView.h */,
				145A16991385C5F100884D4F /* CodeEditor.h */,
				145A169A1385C5F100884D4F /* CodeEditor.m */,
				147939531384707200F8E50C /* MarkerLineNumberView.m */,
				147939491384701700F8E50C /* NoodleLineNumberMarker.h */,
				1479394A1384701700F8E50C /* NoodleLineNumberMarker.m */,
				1479394213846E9300F8E50C /* NoodleLineNumberView.h */,
				1479394313846E9300F8E50C /* NoodleLineNumberView.m */,
				2A37F4AEFDCFA73011CA2CEA /* AssemblyFile.h */,
				2A37F4ACFDCFA73011CA2CEA /* AssemblyFile.m */,
			);
			name = Classes;
			sourceTree = "<group>";
		};
		2A37F4AFFDCFA73011CA2CEA /* Other Sources */ = {
			isa = PBXGroup;
			children = (
				2564AD2C0F5327BB00F57823 /* Edit68K_Prefix.pch */,
				2A37F4B0FDCFA73011CA2CEA /* main.m */,
			);
			name = "Other Sources";
			sourceTree = "<group>";
		};
		2A37F4B8FDCFA73011CA2CEA /* Resources */ = {
			isa = PBXGroup;
			children = (
				14BDECFE130FD0A300C24410 /* attention.png */,
				14DDCA5912E7D55100DDD613 /* template.x68 */,
				1442018112E7B66300B0C666 /* list_num-small.png */,
				1442017F12E7B64E00B0C666 /* list_num.png */,
				1442017D12E7B5DC00B0C666 /* print.png */,
				1442017A12E7B5CE00B0C666 /* print-small.png */,
				14295E1612E4ED05008BF6B5 /* playback_play-small.png */,
				14295E1412E4ECF8008BF6B5 /* playback_play.png */,
				14295E0F12E4EBE9008BF6B5 /* indent_decrease-small.png */,
				14295E1012E4EBE9008BF6B5 /* indent_increase-small.png */,
				14291E8C12E25565009769CB /* indent_decrease.png */,
				14291E8D12E25565009769CB /* indent_increase.png */,
				2A37F4B9FDCFA73011CA2CEA /* Credits.rtf */,
				8D15AC360486D014006FF6A4 /* Edit68K-Info.plist */,
				089C165FFE840EACC02AAC07 /* InfoPlist.strings */,
				1DDD58280DA1D0D100B32029 /* AssemblyFile.xib */,
				1DDD582A0DA1D0D100B32029 /* MainMenu.xib */,
			);
			name = Resources;
			sourceTree = "<group>";
		};
		2A37F4C3FDCFA73011CA2CEA /* Frameworks */ = {
			isa = PBXGroup;
			children = (
				1058C7A6FEA54F5311CA2CBB /* Linked Frameworks */,
				1058C7A8FEA54F5311CA2CBB /* Other Frameworks */,
			);
			name = Frameworks;
			sourceTree = "<group>";
		};
/* End PBXGroup section */

/* Begin PBXNativeTarget section */
		8D15AC270486D014006FF6A4 /* Edit68K */ = {
			isa = PBXNativeTarget;
			buildConfigurationList = C05733C708A9546B00998B17 /* Build configuration list for PBXNativeTarget "Edit68K" */;
			buildPhases = (
				8D15AC2B0486D014006FF6A4 /* Resources */,
				8D15AC300486D014006FF6A4 /* Sources */,
				8D15AC330486D014006FF6A4 /* Frameworks */,
			);
			buildRules = (
			);
			dependencies = (
			);
			name = Edit68K;
			productInstallPath = "$(HOME)/Applications";
			productName = EASy68K;
			productReference = 8D15AC370486D014006FF6A4 /* Edit68K.app */;
			productType = "com.apple.product-type.application";
		};
/* End PBXNativeTarget section */

/* Begin PBXProject section */
		2A37F4A9FDCFA73011CA2CEA /* Project object */ = {
			isa = PBXProject;
			buildConfigurationList = C05733CB08A9546B00998B17 /* Build configuration list for PBXProject "Edit68K" */;
			compatibilityVersion = "Xcode 3.1";
			developmentRegion = English;
			hasScannedForEncodings = 1;
			knownRegions = (
				English,
				Japanese,
				French,
				German,
			);
			mainGroup = 2A37F4AAFDCFA73011CA2CEA /* EASy68K */;
			productRefGroup = 2A37F4AAFDCFA73011CA2CEA /* EASy68K */;
			projectDirPath = "";
			projectRoot = "";
			targets = (
				8D15AC270486D014006FF6A4 /* Edit68K */,
			);
		};
/* End PBXProject section */

/* Begin PBXResourcesBuildPhase section */
		8D15AC2B0486D014006FF6A4 /* Resources */ = {
			isa = PBXResourcesBuildPhase;
			buildActionMask = 2147483647;
			files = (
				8D15AC2C0486D014006FF6A4 /* Credits.rtf in Resources */,
				8D15AC2F0486D014006FF6A4 /* InfoPlist.strings in Resources */,
				1DDD582C0DA1D0D100B32029 /* AssemblyFile.xib in Resources */,
				1DDD582D0DA1D0D100B32029 /* MainMenu.xib in Resources */,
				14291E8E12E25565009769CB /* indent_decrease.png in Resources */,
				14291E8F12E25565009769CB /* indent_increase.png in Resources */,
				14295E1112E4EBE9008BF6B5 /* indent_decrease-small.png in Resources */,
				14295E1212E4EBE9008BF6B5 /* indent_increase-small.png in Resources */,
				14295E1512E4ECF8008BF6B5 /* playback_play.png in Resources */,
				14295E1712E4ED05008BF6B5 /* playback_play-small.png in Resources */,
				1442017B12E7B5CE00B0C666 /* print-small.png in Resources */,
				1442017E12E7B5DC00B0C666 /* print.png in Resources */,
				1442018012E7B64E00B0C666 /* list_num.png in Resources */,
				1442018212E7B66300B0C666 /* list_num-small.png in Resources */,
				14DDCA5A12E7D55100DDD613 /* template.x68 in Resources */,
				14BDECFF130FD0A300C24410 /* attention.png in Resources */,
			);
			runOnlyForDeploymentPostprocessing = 0;
		};
/* End PBXResourcesBuildPhase section */

/* Begin PBXSourcesBuildPhase section */
		8D15AC300486D014006FF6A4 /* Sources */ = {
			isa = PBXSourcesBuildPhase;
			buildActionMask = 2147483647;
			files = (
				8D15AC310486D014006FF6A4 /* AssemblyFile.m in Sources */,
				8D15AC320486D014006FF6A4 /* main.m in Sources */,
				14534FF812EFDED10093FC9B /* assemble.cpp in Sources */,
				14DF9E5512F0DA5200FA3080 /* globals.cpp in Sources */,
				14DF9E5A12F0DACD00FA3080 /* error.cpp in Sources */,
				14DF9E7C12F0E1AF00FA3080 /* eval.cpp in Sources */,
				14DF9E8312F0E30F00FA3080 /* listing.cpp in Sources */,
				140C0F2912F189430045813A /* macro.cpp in Sources */,
				140C0F5B12F42D6C0045813A /* symbol.cpp in Sources */,
				140C0F6512F42E860045813A /* build.cpp in Sources */,
				140C0F6D12F430020045813A /* opparse.cpp in Sources */,
				140C0F7512F430540045813A /* instlook.cpp in Sources */,
				140C0F7D12F430DB0045813A /* insttabl.cpp in Sources */,
				140C0FA312F433690045813A /* directiv.cpp in Sources */,
				14DDE81F12F4D956004765D0 /* codegen.cpp in Sources */,
				14DDE82D12F4DA4A004765D0 /* object.cpp in Sources */,
				14DDE83812F4E6A6004765D0 /* movem.cpp in Sources */,
				14DDE84512F4E802004765D0 /* structured.cpp in Sources */,
				1479394413846E9300F8E50C /* NoodleLineNumberView.m in Sources */,
				1479394B1384701700F8E50C /* NoodleLineNumberMarker.m in Sources */,
				147939541384707200F8E50C /* MarkerLineNumberView.m in Sources */,
				145A169B1385C5F100884D4F /* CodeEditor.m in Sources */,
			);
			runOnlyForDeploymentPostprocessing = 0;
		};
/* End PBXSourcesBuildPhase section */

/* Begin PBXVariantGroup section */
		089C165FFE840EACC02AAC07 /* InfoPlist.strings */ = {
			isa = PBXVariantGroup;
			children = (
				089C1660FE840EACC02AAC07 /* English */,
			);
			name = InfoPlist.strings;
			sourceTree = "<group>";
		};
		1DDD58280DA1D0D100B32029 /* AssemblyFile.xib */ = {
			isa = PBXVariantGroup;
			children = (
				1DDD58290DA1D0D100B32029 /* English */,
			);
			name = AssemblyFile.xib;
			sourceTree = "<group>";
		};
		1DDD582A0DA1D0D100B32029 /* MainMenu.xib */ = {
			isa = PBXVariantGroup;
			children = (
				1DDD582B0DA1D0D100B32029 /* English */,
			);
			name = MainMenu.xib;
			sourceTree = "<group>";
		};
		2A37F4B9FDCFA73011CA2CEA /* Credits.rtf */ = {
			isa = PBXVariantGroup;
			children = (
				2A37F4BAFDCFA73011CA2CEA /* English */,
			);
			name = Credits.rtf;
			sourceTree = "<group>";
		};
/* End PBXVariantGroup section */

/* Begin XCBuildConfiguration section */
		C05733C808A9546B00998B17 /* Debug */ = {
			isa = XCBuildConfiguration;
			buildSettings = {
				ALWAYS_SEARCH_USER_PATHS = NO;
				COPY_PHASE_STRIP = NO;
				GCC_DYNAMIC_NO_PIC = NO;
				GCC_ENABLE_FIX_AND_CONTINUE = YES;
				GCC_MODEL_TUNING = G5;
				GCC_OPTIMIZATION_LEVEL = 0;
				GCC_PRECOMPILE_PREFIX_HEADER = YES;
				GCC_PREFIX_HEADER = Edit68K_Prefix.pch;
				INFOPLIST_FILE = "Edit68K-Info.plist";
				INSTALL_PATH = "$(HOME)/Applications";
				PRODUCT_NAME = Edit68K;
			};
			name = Debug;
		};
		C05733C908A9546B00998B17 /* Release */ = {
			isa = XCBuildConfiguration;
			buildSettings = {
				ALWAYS_SEARCH_USER_PATHS = NO;
				DEBUG_INFORMATION_FORMAT = "dwarf-with-dsym";
				GCC_MODEL_TUNING = G5;
				GCC_PRECOMPILE_PREFIX_HEADER = YES;
				GCC_PREFIX_HEADER = Edit68K_Prefix.pch;
				INFOPLIST_FILE = "Edit68K-Info.plist";
				INSTALL_PATH = "$(HOME)/Applications";
				PRODUCT_NAME = Edit68K;
			};
			name = Release;
		};
		C05733CC08A9546B00998B17 /* Debug */ = {
			isa = XCBuildConfiguration;
			buildSettings = {
				ARCHS = "$(ARCHS_STANDARD_32_64_BIT)";
				GCC_C_LANGUAGE_STANDARD = gnu99;
				GCC_ENABLE_OBJC_GC = required;
				GCC_INPUT_FILETYPE = sourcecode.cpp.objcpp;
				GCC_OPTIMIZATION_LEVEL = 0;
				GCC_WARN_ABOUT_RETURN_TYPE = YES;
				GCC_WARN_UNUSED_VARIABLE = YES;
				ONLY_ACTIVE_ARCH = YES;
				OTHER_CPLUSPLUSFLAGS = (
					"-Wno-deprecated",
					"$(OTHER_CFLAGS)",
				);
				PREBINDING = NO;
				SDKROOT = macosx10.6;
				WARNING_CFLAGS = "-Wno-write-strings";
			};
			name = Debug;
		};
		C05733CD08A9546B00998B17 /* Release */ = {
			isa = XCBuildConfiguration;
			buildSettings = {
				ARCHS = "$(ARCHS_STANDARD_32_64_BIT)";
				GCC_C_LANGUAGE_STANDARD = gnu99;
				GCC_ENABLE_OBJC_GC = required;
				GCC_INPUT_FILETYPE = sourcecode.cpp.objcpp;
				GCC_WARN_ABOUT_RETURN_TYPE = YES;
				GCC_WARN_UNUSED_VARIABLE = YES;
				OTHER_CPLUSPLUSFLAGS = (
					"-Wno-deprecated",
					"$(OTHER_CFLAGS)",
				);
				PREBINDING = NO;
				SDKROOT = macosx10.6;
			};
			name = Release;
		};
/* End XCBuildConfiguration section */

/* Begin XCConfigurationList section */
		C05733C708A9546B00998B17 /* Build configuration list for PBXNativeTarget "Edit68K" */ = {
			isa = XCConfigurationList;
			buildConfigurations = (
				C05733C808A9546B00998B17 /* Debug */,
				C05733C908A9546B00998B17 /* Release */,
			);
			defaultConfigurationIsVisible = 0;
			defaultConfigurationName = Release;
		};
		C05733CB08A9546B00998B17 /* Build configuration list for PBXProject "Edit68K" */ = {
			isa = XCConfigurationList;
			buildConfigurations = (
				C05733CC08A9546B00998B17 /* Debug */,
				C05733CD08A9546B00998B17 /* Release */,
			);
			defaultConfigurationIsVisible = 0;
			defaultConfigurationName = Release;
		};
/* End XCConfigurationList section */
	};
	rootObject = 2A37F4A9FDCFA73011CA2CEA /* Project object */;
}
