// !$*UTF8*$!
{
	archiveVersion = 1;
	classes = {
	};
	objectVersion = 45;
	objects = {

/* Begin PBXBuildFile section */
		1416054B1314AD3D001C34AB /* STRUTILS.CPP in Sources */ = {isa = PBXBuildFile; fileRef = 147DBB4413107AB300C6E372 /* STRUTILS.CPP */; };
		1416055B1314AE21001C34AB /* UTILS.CPP in Sources */ = {isa = PBXBuildFile; fileRef = 147DBB4613107AB300C6E372 /* UTILS.CPP */; };
		141606531314DC7B001C34AB /* CODE8.CPP in Sources */ = {isa = PBXBuildFile; fileRef = 147DBAFD13107AB300C6E372 /* CODE8.CPP */; };
		144D791D13128B7C00FCD561 /* SCAN.CPP in Sources */ = {isa = PBXBuildFile; fileRef = 147DBB2B13107AB300C6E372 /* SCAN.CPP */; };
		144D792213128C3400FCD561 /* SIMOPS1.CPP in Sources */ = {isa = PBXBuildFile; fileRef = 147DBB3D13107AB300C6E372 /* SIMOPS1.CPP */; };
		144D792513128C4E00FCD561 /* SIMOPS2.CPP in Sources */ = {isa = PBXBuildFile; fileRef = 147DBB3E13107AB300C6E372 /* SIMOPS2.CPP */; };
		1472F19513113A0500C03ECD /* BPointExpr.cpp in Sources */ = {isa = PBXBuildFile; fileRef = 147DBAF013107AB300C6E372 /* BPointExpr.cpp */; };
		1472F1A013113A7100C03ECD /* CODE1.CPP in Sources */ = {isa = PBXBuildFile; fileRef = 147DBAF613107AB300C6E372 /* CODE1.CPP */; };
		1472F1A313113A9000C03ECD /* CODE2.CPP in Sources */ = {isa = PBXBuildFile; fileRef = 147DBAF713107AB300C6E372 /* CODE2.CPP */; };
		1472F1A813113A9F00C03ECD /* CODE3.CPP in Sources */ = {isa = PBXBuildFile; fileRef = 147DBAF813107AB300C6E372 /* CODE3.CPP */; };
		1472F1AB13113ABC00C03ECD /* CODE4.CPP in Sources */ = {isa = PBXBuildFile; fileRef = 147DBAF913107AB300C6E372 /* CODE4.CPP */; };
		1472F1B213113B0000C03ECD /* CODE5.CPP in Sources */ = {isa = PBXBuildFile; fileRef = 147DBAFA13107AB300C6E372 /* CODE5.CPP */; };
		1472F1B513113B1100C03ECD /* CODE6.CPP in Sources */ = {isa = PBXBuildFile; fileRef = 147DBAFB13107AB300C6E372 /* CODE6.CPP */; };
		1472F1B813113B1A00C03ECD /* CODE7.CPP in Sources */ = {isa = PBXBuildFile; fileRef = 147DBAFC13107AB300C6E372 /* CODE7.CPP */; };
		1472F1EC1311CBBB00C03ECD /* RUN.CPP in Sources */ = {isa = PBXBuildFile; fileRef = 147DBB2913107AB300C6E372 /* RUN.CPP */; };
		147DBB6813107B1200C6E372 /* BPoint.cpp in Sources */ = {isa = PBXBuildFile; fileRef = 147DBAEE13107AB300C6E372 /* BPoint.cpp */; };
		8DD76F6A0486A84900D96B5E /* SIM68K.1 in CopyFiles */ = {isa = PBXBuildFile; fileRef = C6859E8B029090EE04C91782 /* SIM68K.1 */; };
/* End PBXBuildFile section */

/* Begin PBXCopyFilesBuildPhase section */
		8DD76F690486A84900D96B5E /* CopyFiles */ = {
			isa = PBXCopyFilesBuildPhase;
			buildActionMask = 8;
			dstPath = /usr/share/man/man1/;
			dstSubfolderSpec = 0;
			files = (
				8DD76F6A0486A84900D96B5E /* SIM68K.1 in CopyFiles */,
			);
			runOnlyForDeploymentPostprocessing = 1;
		};
/* End PBXCopyFilesBuildPhase section */

/* Begin PBXFileReference section */
		08FB7796FE84155DC02AAC07 /* main.cpp */ = {isa = PBXFileReference; fileEncoding = 4; lastKnownFileType = sourcecode.cpp.cpp; path = main.cpp; sourceTree = "<group>"; };
		147DBAEE13107AB300C6E372 /* BPoint.cpp */ = {isa = PBXFileReference; fileEncoding = 4; lastKnownFileType = sourcecode.cpp.cpp; path = BPoint.cpp; sourceTree = "<group>"; };
		147DBAEF13107AB300C6E372 /* BPoint.h */ = {isa = PBXFileReference; fileEncoding = 4; lastKnownFileType = sourcecode.c.h; path = BPoint.h; sourceTree = "<group>"; };
		147DBAF013107AB300C6E372 /* BPointExpr.cpp */ = {isa = PBXFileReference; fileEncoding = 4; lastKnownFileType = sourcecode.cpp.cpp; path = BPointExpr.cpp; sourceTree = "<group>"; };
		147DBAF113107AB300C6E372 /* BPointExpr.h */ = {isa = PBXFileReference; fileEncoding = 4; lastKnownFileType = sourcecode.c.h; path = BPointExpr.h; sourceTree = "<group>"; };
		147DBAF213107AB300C6E372 /* BREAKPOINTSu.cpp */ = {isa = PBXFileReference; fileEncoding = 4; lastKnownFileType = sourcecode.cpp.cpp; path = BREAKPOINTSu.cpp; sourceTree = "<group>"; };
		147DBAF313107AB300C6E372 /* BREAKPOINTSu.ddp */ = {isa = PBXFileReference; lastKnownFileType = file; path = BREAKPOINTSu.ddp; sourceTree = "<group>"; };
		147DBAF413107AB300C6E372 /* BREAKPOINTSu.dfm */ = {isa = PBXFileReference; fileEncoding = 4; lastKnownFileType = text; path = BREAKPOINTSu.dfm; sourceTree = "<group>"; };
		147DBAF513107AB300C6E372 /* BREAKPOINTSu.h */ = {isa = PBXFileReference; fileEncoding = 4; lastKnownFileType = sourcecode.c.h; path = BREAKPOINTSu.h; sourceTree = "<group>"; };
		147DBAF613107AB300C6E372 /* CODE1.CPP */ = {isa = PBXFileReference; fileEncoding = 4; lastKnownFileType = sourcecode.cpp.cpp; path = CODE1.CPP; sourceTree = "<group>"; };
		147DBAF713107AB300C6E372 /* CODE2.CPP */ = {isa = PBXFileReference; fileEncoding = 4; lastKnownFileType = sourcecode.cpp.cpp; path = CODE2.CPP; sourceTree = "<group>"; };
		147DBAF813107AB300C6E372 /* CODE3.CPP */ = {isa = PBXFileReference; fileEncoding = 4; lastKnownFileType = sourcecode.cpp.cpp; path = CODE3.CPP; sourceTree = "<group>"; };
		147DBAF913107AB300C6E372 /* CODE4.CPP */ = {isa = PBXFileReference; fileEncoding = 4; lastKnownFileType = sourcecode.cpp.cpp; path = CODE4.CPP; sourceTree = "<group>"; };
		147DBAFA13107AB300C6E372 /* CODE5.CPP */ = {isa = PBXFileReference; fileEncoding = 4; lastKnownFileType = sourcecode.cpp.cpp; path = CODE5.CPP; sourceTree = "<group>"; };
		147DBAFB13107AB300C6E372 /* CODE6.CPP */ = {isa = PBXFileReference; fileEncoding = 4; lastKnownFileType = sourcecode.cpp.cpp; path = CODE6.CPP; sourceTree = "<group>"; };
		147DBAFC13107AB300C6E372 /* CODE7.CPP */ = {isa = PBXFileReference; fileEncoding = 4; lastKnownFileType = sourcecode.cpp.cpp; path = CODE7.CPP; sourceTree = "<group>"; };
		147DBAFD13107AB300C6E372 /* CODE8.CPP */ = {isa = PBXFileReference; fileEncoding = 4; lastKnownFileType = sourcecode.cpp.cpp; path = CODE8.CPP; sourceTree = "<group>"; };
		147DBAFE13107AB300C6E372 /* CODE9.CPP */ = {isa = PBXFileReference; fileEncoding = 4; lastKnownFileType = sourcecode.cpp.cpp; path = CODE9.CPP; sourceTree = "<group>"; };
		147DBAFF13107AB300C6E372 /* def.h */ = {isa = PBXFileReference; fileEncoding = 4; lastKnownFileType = sourcecode.c.h; path = def.h; sourceTree = "<group>"; };
		147DBB0013107AB300C6E372 /* extern.h */ = {isa = PBXFileReference; fileEncoding = 4; lastKnownFileType = sourcecode.c.h; path = extern.h; sourceTree = "<group>"; };
		147DBB0113107AB300C6E372 /* ez68k.h */ = {isa = PBXFileReference; fileEncoding = 4; lastKnownFileType = sourcecode.c.h; path = ez68k.h; sourceTree = "<group>"; };
		147DBB0213107AB300C6E372 /* FullscreenOptions.cpp */ = {isa = PBXFileReference; fileEncoding = 4; lastKnownFileType = sourcecode.cpp.cpp; path = FullscreenOptions.cpp; sourceTree = "<group>"; };
		147DBB0313107AB300C6E372 /* FullscreenOptions.ddp */ = {isa = PBXFileReference; lastKnownFileType = file; path = FullscreenOptions.ddp; sourceTree = "<group>"; };
		147DBB0413107AB300C6E372 /* FullscreenOptions.dfm */ = {isa = PBXFileReference; fileEncoding = 4; lastKnownFileType = text; path = FullscreenOptions.dfm; sourceTree = "<group>"; };
		147DBB0513107AB300C6E372 /* FullscreenOptions.h */ = {isa = PBXFileReference; fileEncoding = 4; lastKnownFileType = sourcecode.c.h; path = FullscreenOptions.h; sourceTree = "<group>"; };
		147DBB0613107AB300C6E372 /* gear.ico */ = {isa = PBXFileReference; lastKnownFileType = image.ico; path = gear.ico; sourceTree = "<group>"; };
		147DBB0713107AB300C6E372 /* gear2.ico */ = {isa = PBXFileReference; lastKnownFileType = image.ico; path = gear2.ico; sourceTree = "<group>"; };
		147DBB0813107AB300C6E372 /* hardwareu.cpp */ = {isa = PBXFileReference; fileEncoding = 4; lastKnownFileType = sourcecode.cpp.cpp; path = hardwareu.cpp; sourceTree = "<group>"; };
		147DBB0913107AB300C6E372 /* hardwareu.ddp */ = {isa = PBXFileReference; lastKnownFileType = file; path = hardwareu.ddp; sourceTree = "<group>"; };
		147DBB0A13107AB300C6E372 /* hardwareu.dfm */ = {isa = PBXFileReference; fileEncoding = 4; lastKnownFileType = text; path = hardwareu.dfm; sourceTree = "<group>"; };
		147DBB0B13107AB300C6E372 /* hardwareu.h */ = {isa = PBXFileReference; fileEncoding = 4; lastKnownFileType = sourcecode.c.h; path = hardwareu.h; sourceTree = "<group>"; };
		147DBB0C13107AB300C6E372 /* help.cpp */ = {isa = PBXFileReference; fileEncoding = 4; lastKnownFileType = sourcecode.cpp.cpp; path = help.cpp; sourceTree = "<group>"; };
		147DBB0D13107AB300C6E372 /* help.h */ = {isa = PBXFileReference; fileEncoding = 4; lastKnownFileType = sourcecode.c.h; path = help.h; sourceTree = "<group>"; };
		147DBB0E13107AB300C6E372 /* HTMLhelp.h */ = {isa = PBXFileReference; fileEncoding = 4; lastKnownFileType = sourcecode.c.h; path = HTMLhelp.h; sourceTree = "<group>"; };
		147DBB0F13107AB300C6E372 /* LogfileDialogu.cpp */ = {isa = PBXFileReference; fileEncoding = 4; lastKnownFileType = sourcecode.cpp.cpp; path = LogfileDialogu.cpp; sourceTree = "<group>"; };
		147DBB1013107AB300C6E372 /* LogfileDialogu.ddp */ = {isa = PBXFileReference; lastKnownFileType = file; path = LogfileDialogu.ddp; sourceTree = "<group>"; };
		147DBB1113107AB300C6E372 /* LogfileDialogu.dfm */ = {isa = PBXFileReference; fileEncoding = 4; lastKnownFileType = text; path = LogfileDialogu.dfm; sourceTree = "<group>"; };
		147DBB1213107AB300C6E372 /* LogfileDialogu.h */ = {isa = PBXFileReference; fileEncoding = 4; lastKnownFileType = sourcecode.c.h; path = LogfileDialogu.h; sourceTree = "<group>"; };
		147DBB1313107AB300C6E372 /* logU.cpp */ = {isa = PBXFileReference; fileEncoding = 4; lastKnownFileType = sourcecode.cpp.cpp; path = logU.cpp; sourceTree = "<group>"; };
		147DBB1413107AB300C6E372 /* logU.ddp */ = {isa = PBXFileReference; lastKnownFileType = file; path = logU.ddp; sourceTree = "<group>"; };
		147DBB1513107AB300C6E372 /* logU.dfm */ = {isa = PBXFileReference; fileEncoding = 4; lastKnownFileType = text; path = logU.dfm; sourceTree = "<group>"; };
		147DBB1613107AB300C6E372 /* logU.h */ = {isa = PBXFileReference; fileEncoding = 4; lastKnownFileType = sourcecode.c.h; path = logU.h; sourceTree = "<group>"; };
		147DBB1713107AB300C6E372 /* Memory1.cpp */ = {isa = PBXFileReference; fileEncoding = 4; lastKnownFileType = sourcecode.cpp.cpp; path = Memory1.cpp; sourceTree = "<group>"; };
		147DBB1813107AB300C6E372 /* Memory1.ddp */ = {isa = PBXFileReference; lastKnownFileType = file; path = Memory1.ddp; sourceTree = "<group>"; };
		147DBB1913107AB300C6E372 /* Memory1.dfm */ = {isa = PBXFileReference; fileEncoding = 4; lastKnownFileType = text; path = Memory1.dfm; sourceTree = "<group>"; };
		147DBB1A13107AB300C6E372 /* Memory1.h */ = {isa = PBXFileReference; fileEncoding = 4; lastKnownFileType = sourcecode.c.h; path = Memory1.h; sourceTree = "<group>"; };
		147DBB1B13107AB300C6E372 /* Net.cpp */ = {isa = PBXFileReference; fileEncoding = 4; lastKnownFileType = sourcecode.cpp.cpp; path = Net.cpp; sourceTree = "<group>"; };
		147DBB1C13107AB300C6E372 /* Net.h */ = {isa = PBXFileReference; fileEncoding = 4; lastKnownFileType = sourcecode.c.h; path = Net.h; sourceTree = "<group>"; };
		147DBB1D13107AB300C6E372 /* OPCODES.H */ = {isa = PBXFileReference; fileEncoding = 4; lastKnownFileType = sourcecode.cpp.h; path = OPCODES.H; sourceTree = "<group>"; };
		147DBB1E13107AB300C6E372 /* Optionsu.cpp */ = {isa = PBXFileReference; fileEncoding = 4; lastKnownFileType = sourcecode.cpp.cpp; path = Optionsu.cpp; sourceTree = "<group>"; };
		147DBB1F13107AB300C6E372 /* Optionsu.ddp */ = {isa = PBXFileReference; lastKnownFileType = file; path = Optionsu.ddp; sourceTree = "<group>"; };
		147DBB2013107AB300C6E372 /* Optionsu.dfm */ = {isa = PBXFileReference; fileEncoding = 4; lastKnownFileType = text; path = Optionsu.dfm; sourceTree = "<group>"; };
		147DBB2113107AB300C6E372 /* Optionsu.h */ = {isa = PBXFileReference; fileEncoding = 4; lastKnownFileType = sourcecode.c.h; path = Optionsu.h; sourceTree = "<group>"; };
		147DBB2213107AB300C6E372 /* PROTO.H */ = {isa = PBXFileReference; fileEncoding = 4; lastKnownFileType = sourcecode.cpp.h; path = PROTO.H; sourceTree = "<group>"; };
		147DBB2313107AB300C6E372 /* pushbutton.bmp */ = {isa = PBXFileReference; lastKnownFileType = image.bmp; path = pushbutton.bmp; sourceTree = "<group>"; };
		147DBB2413107AB300C6E372 /* pushbutton2.bmp */ = {isa = PBXFileReference; lastKnownFileType = image.bmp; path = pushbutton2.bmp; sourceTree = "<group>"; };
		147DBB2513107AB300C6E372 /* pushbutton2glyphs.bmp */ = {isa = PBXFileReference; lastKnownFileType = image.bmp; path = pushbutton2glyphs.bmp; sourceTree = "<group>"; };
		147DBB2613107AB300C6E372 /* pushbutton3.bmp */ = {isa = PBXFileReference; lastKnownFileType = image.bmp; path = pushbutton3.bmp; sourceTree = "<group>"; };
		147DBB2713107AB300C6E372 /* redpushbutton.bmp */ = {isa = PBXFileReference; lastKnownFileType = image.bmp; path = redpushbutton.bmp; sourceTree = "<group>"; };
		147DBB2813107AB300C6E372 /* reload.bmp */ = {isa = PBXFileReference; lastKnownFileType = image.bmp; path = reload.bmp; sourceTree = "<group>"; };
		147DBB2913107AB300C6E372 /* RUN.CPP */ = {isa = PBXFileReference; fileEncoding = 4; lastKnownFileType = sourcecode.cpp.cpp; path = RUN.CPP; sourceTree = "<group>"; };
		147DBB2A13107AB300C6E372 /* S68icon.ico */ = {isa = PBXFileReference; lastKnownFileType = image.ico; path = S68icon.ico; sourceTree = "<group>"; };
		147DBB2B13107AB300C6E372 /* SCAN.CPP */ = {isa = PBXFileReference; fileEncoding = 4; lastKnownFileType = sourcecode.cpp.cpp; path = SCAN.CPP; sourceTree = "<group>"; };
		147DBB2C13107AB300C6E372 /* SIM68K.1 */ = {isa = PBXFileReference; fileEncoding = 4; lastKnownFileType = text.man; path = SIM68K.1; sourceTree = "<group>"; };
		147DBB2D13107AB300C6E372 /* SIM68K.BPR */ = {isa = PBXFileReference; fileEncoding = 4; lastKnownFileType = text.xml; path = SIM68K.BPR; sourceTree = "<group>"; };
		147DBB2E13107AB300C6E372 /* SIM68K.cgl */ = {isa = PBXFileReference; fileEncoding = 4; lastKnownFileType = text; path = SIM68K.cgl; sourceTree = "<group>"; };
		147DBB2F13107AB300C6E372 /* SIM68K.cpp */ = {isa = PBXFileReference; fileEncoding = 4; lastKnownFileType = sourcecode.cpp.cpp; path = SIM68K.cpp; sourceTree = "<group>"; };
		147DBB3013107AB300C6E372 /* sim68K.dat */ = {isa = PBXFileReference; lastKnownFileType = file; path = sim68K.dat; sourceTree = "<group>"; };
		147DBB3113107AB300C6E372 /* SIM68K.drc */ = {isa = PBXFileReference; fileEncoding = 4; lastKnownFileType = text; path = SIM68K.drc; sourceTree = "<group>"; };
		147DBB3213107AB300C6E372 /* SIM68K.RES */ = {isa = PBXFileReference; lastKnownFileType = file; path = SIM68K.RES; sourceTree = "<group>"; };
		147DBB3313107AB300C6E372 /* sim68Kicon.ico */ = {isa = PBXFileReference; lastKnownFileType = image.ico; path = sim68Kicon.ico; sourceTree = "<group>"; };
		147DBB3413107AB300C6E372 /* SIM68Ku.cpp */ = {isa = PBXFileReference; fileEncoding = 4; lastKnownFileType = sourcecode.cpp.cpp; path = SIM68Ku.cpp; sourceTree = "<group>"; };
		147DBB3513107AB300C6E372 /* SIM68Ku.ddp */ = {isa = PBXFileReference; lastKnownFileType = file; path = SIM68Ku.ddp; sourceTree = "<group>"; };
		147DBB3613107AB300C6E372 /* SIM68Ku.dfm */ = {isa = PBXFileReference; fileEncoding = 4; lastKnownFileType = text; path = SIM68Ku.dfm; sourceTree = "<group>"; };
		147DBB3713107AB300C6E372 /* SIM68Ku.h */ = {isa = PBXFileReference; fileEncoding = 4; lastKnownFileType = sourcecode.c.h; path = SIM68Ku.h; sourceTree = "<group>"; };
		147DBB3813107AB300C6E372 /* simIcon.ico */ = {isa = PBXFileReference; lastKnownFileType = image.ico; path = simIcon.ico; sourceTree = "<group>"; };
		147DBB3913107AB300C6E372 /* simIOu.cpp */ = {isa = PBXFileReference; fileEncoding = 4; lastKnownFileType = sourcecode.cpp.cpp; path = simIOu.cpp; sourceTree = "<group>"; };
		147DBB3A13107AB300C6E372 /* simIOu.ddp */ = {isa = PBXFileReference; lastKnownFileType = file; path = simIOu.ddp; sourceTree = "<group>"; };
		147DBB3B13107AB300C6E372 /* simIOu.dfm */ = {isa = PBXFileReference; fileEncoding = 4; lastKnownFileType = text; path = simIOu.dfm; sourceTree = "<group>"; };
		147DBB3C13107AB300C6E372 /* simIOu.h */ = {isa = PBXFileReference; fileEncoding = 4; lastKnownFileType = sourcecode.c.h; path = simIOu.h; sourceTree = "<group>"; };
		147DBB3D13107AB300C6E372 /* SIMOPS1.CPP */ = {isa = PBXFileReference; fileEncoding = 4; lastKnownFileType = sourcecode.cpp.cpp; path = SIMOPS1.CPP; sourceTree = "<group>"; };
		147DBB3E13107AB300C6E372 /* SIMOPS2.CPP */ = {isa = PBXFileReference; fileEncoding = 4; lastKnownFileType = sourcecode.cpp.cpp; path = SIMOPS2.CPP; sourceTree = "<group>"; };
		147DBB3F13107AB300C6E372 /* Stack1.cpp */ = {isa = PBXFileReference; fileEncoding = 4; lastKnownFileType = sourcecode.cpp.cpp; path = Stack1.cpp; sourceTree = "<group>"; };
		147DBB4013107AB300C6E372 /* Stack1.ddp */ = {isa = PBXFileReference; lastKnownFileType = file; path = Stack1.ddp; sourceTree = "<group>"; };
		147DBB4113107AB300C6E372 /* Stack1.dfm */ = {isa = PBXFileReference; fileEncoding = 4; lastKnownFileType = text; path = Stack1.dfm; sourceTree = "<group>"; };
		147DBB4213107AB300C6E372 /* Stack1.h */ = {isa = PBXFileReference; fileEncoding = 4; lastKnownFileType = sourcecode.c.h; path = Stack1.h; sourceTree = "<group>"; };
		147DBB4313107AB300C6E372 /* STARTSIM.CPP */ = {isa = PBXFileReference; fileEncoding = 4; lastKnownFileType = sourcecode.cpp.cpp; path = STARTSIM.CPP; sourceTree = "<group>"; };
		147DBB4413107AB300C6E372 /* STRUTILS.CPP */ = {isa = PBXFileReference; fileEncoding = 4; lastKnownFileType = sourcecode.cpp.cpp; path = STRUTILS.CPP; sourceTree = "<group>"; };
		147DBB4513107AB300C6E372 /* toggleswitch.bmp */ = {isa = PBXFileReference; lastKnownFileType = image.bmp; path = toggleswitch.bmp; sourceTree = "<group>"; };
		147DBB4613107AB300C6E372 /* UTILS.CPP */ = {isa = PBXFileReference; fileEncoding = 4; lastKnownFileType = sourcecode.cpp.cpp; path = UTILS.CPP; sourceTree = "<group>"; };
		147DBB4713107AB300C6E372 /* var.h */ = {isa = PBXFileReference; fileEncoding = 4; lastKnownFileType = sourcecode.c.h; path = var.h; sourceTree = "<group>"; };
		8DD76F6C0486A84900D96B5E /* SIM68K */ = {isa = PBXFileReference; explicitFileType = "compiled.mach-o.executable"; includeInIndex = 0; path = SIM68K; sourceTree = BUILT_PRODUCTS_DIR; };
		C6859E8B029090EE04C91782 /* SIM68K.1 */ = {isa = PBXFileReference; lastKnownFileType = text.man; path = SIM68K.1; sourceTree = "<group>"; };
/* End PBXFileReference section */

/* Begin PBXFrameworksBuildPhase section */
		8DD76F660486A84900D96B5E /* Frameworks */ = {
			isa = PBXFrameworksBuildPhase;
			buildActionMask = 2147483647;
			files = (
			);
			runOnlyForDeploymentPostprocessing = 0;
		};
/* End PBXFrameworksBuildPhase section */

/* Begin PBXGroup section */
		08FB7794FE84155DC02AAC07 /* SIM68K */ = {
			isa = PBXGroup;
			children = (
				08FB7795FE84155DC02AAC07 /* Source */,
				C6859E8C029090F304C91782 /* Documentation */,
				1AB674ADFE9D54B511CA2CBB /* Products */,
			);
			name = SIM68K;
			sourceTree = "<group>";
		};
		08FB7795FE84155DC02AAC07 /* Source */ = {
			isa = PBXGroup;
			children = (
				147DBAEE13107AB300C6E372 /* BPoint.cpp */,
				147DBAEF13107AB300C6E372 /* BPoint.h */,
				147DBAF013107AB300C6E372 /* BPointExpr.cpp */,
				147DBAF113107AB300C6E372 /* BPointExpr.h */,
				147DBAF213107AB300C6E372 /* BREAKPOINTSu.cpp */,
				147DBAF313107AB300C6E372 /* BREAKPOINTSu.ddp */,
				147DBAF413107AB300C6E372 /* BREAKPOINTSu.dfm */,
				147DBAF513107AB300C6E372 /* BREAKPOINTSu.h */,
				147DBAF613107AB300C6E372 /* CODE1.CPP */,
				147DBAF713107AB300C6E372 /* CODE2.CPP */,
				147DBAF813107AB300C6E372 /* CODE3.CPP */,
				147DBAF913107AB300C6E372 /* CODE4.CPP */,
				147DBAFA13107AB300C6E372 /* CODE5.CPP */,
				147DBAFB13107AB300C6E372 /* CODE6.CPP */,
				147DBAFC13107AB300C6E372 /* CODE7.CPP */,
				147DBAFD13107AB300C6E372 /* CODE8.CPP */,
				147DBAFE13107AB300C6E372 /* CODE9.CPP */,
				147DBAFF13107AB300C6E372 /* def.h */,
				147DBB0013107AB300C6E372 /* extern.h */,
				147DBB0113107AB300C6E372 /* ez68k.h */,
				147DBB0213107AB300C6E372 /* FullscreenOptions.cpp */,
				147DBB0313107AB300C6E372 /* FullscreenOptions.ddp */,
				147DBB0413107AB300C6E372 /* FullscreenOptions.dfm */,
				147DBB0513107AB300C6E372 /* FullscreenOptions.h */,
				147DBB0613107AB300C6E372 /* gear.ico */,
				147DBB0713107AB300C6E372 /* gear2.ico */,
				147DBB0813107AB300C6E372 /* hardwareu.cpp */,
				147DBB0913107AB300C6E372 /* hardwareu.ddp */,
				147DBB0A13107AB300C6E372 /* hardwareu.dfm */,
				147DBB0B13107AB300C6E372 /* hardwareu.h */,
				147DBB0C13107AB300C6E372 /* help.cpp */,
				147DBB0D13107AB300C6E372 /* help.h */,
				147DBB0E13107AB300C6E372 /* HTMLhelp.h */,
				147DBB0F13107AB300C6E372 /* LogfileDialogu.cpp */,
				147DBB1013107AB300C6E372 /* LogfileDialogu.ddp */,
				147DBB1113107AB300C6E372 /* LogfileDialogu.dfm */,
				147DBB1213107AB300C6E372 /* LogfileDialogu.h */,
				147DBB1313107AB300C6E372 /* logU.cpp */,
				147DBB1413107AB300C6E372 /* logU.ddp */,
				147DBB1513107AB300C6E372 /* logU.dfm */,
				147DBB1613107AB300C6E372 /* logU.h */,
				147DBB1713107AB300C6E372 /* Memory1.cpp */,
				147DBB1813107AB300C6E372 /* Memory1.ddp */,
				147DBB1913107AB300C6E372 /* Memory1.dfm */,
				147DBB1A13107AB300C6E372 /* Memory1.h */,
				147DBB1B13107AB300C6E372 /* Net.cpp */,
				147DBB1C13107AB300C6E372 /* Net.h */,
				147DBB1D13107AB300C6E372 /* OPCODES.H */,
				147DBB1E13107AB300C6E372 /* Optionsu.cpp */,
				147DBB1F13107AB300C6E372 /* Optionsu.ddp */,
				147DBB2013107AB300C6E372 /* Optionsu.dfm */,
				147DBB2113107AB300C6E372 /* Optionsu.h */,
				147DBB2213107AB300C6E372 /* PROTO.H */,
				147DBB2313107AB300C6E372 /* pushbutton.bmp */,
				147DBB2413107AB300C6E372 /* pushbutton2.bmp */,
				147DBB2513107AB300C6E372 /* pushbutton2glyphs.bmp */,
				147DBB2613107AB300C6E372 /* pushbutton3.bmp */,
				147DBB2713107AB300C6E372 /* redpushbutton.bmp */,
				147DBB2813107AB300C6E372 /* reload.bmp */,
				147DBB2913107AB300C6E372 /* RUN.CPP */,
				147DBB2A13107AB300C6E372 /* S68icon.ico */,
				147DBB2B13107AB300C6E372 /* SCAN.CPP */,
				147DBB2C13107AB300C6E372 /* SIM68K.1 */,
				147DBB2D13107AB300C6E372 /* SIM68K.BPR */,
				147DBB2E13107AB300C6E372 /* SIM68K.cgl */,
				147DBB2F13107AB300C6E372 /* SIM68K.cpp */,
				147DBB3013107AB300C6E372 /* sim68K.dat */,
				147DBB3113107AB300C6E372 /* SIM68K.drc */,
				147DBB3213107AB300C6E372 /* SIM68K.RES */,
				147DBB3313107AB300C6E372 /* sim68Kicon.ico */,
				147DBB3413107AB300C6E372 /* SIM68Ku.cpp */,
				147DBB3513107AB300C6E372 /* SIM68Ku.ddp */,
				147DBB3613107AB300C6E372 /* SIM68Ku.dfm */,
				147DBB3713107AB300C6E372 /* SIM68Ku.h */,
				147DBB3813107AB300C6E372 /* simIcon.ico */,
				147DBB3913107AB300C6E372 /* simIOu.cpp */,
				147DBB3A13107AB300C6E372 /* simIOu.ddp */,
				147DBB3B13107AB300C6E372 /* simIOu.dfm */,
				147DBB3C13107AB300C6E372 /* simIOu.h */,
				147DBB3D13107AB300C6E372 /* SIMOPS1.CPP */,
				147DBB3E13107AB300C6E372 /* SIMOPS2.CPP */,
				147DBB3F13107AB300C6E372 /* Stack1.cpp */,
				147DBB4013107AB300C6E372 /* Stack1.ddp */,
				147DBB4113107AB300C6E372 /* Stack1.dfm */,
				147DBB4213107AB300C6E372 /* Stack1.h */,
				147DBB4313107AB300C6E372 /* STARTSIM.CPP */,
				147DBB4413107AB300C6E372 /* STRUTILS.CPP */,
				147DBB4513107AB300C6E372 /* toggleswitch.bmp */,
				147DBB4613107AB300C6E372 /* UTILS.CPP */,
				147DBB4713107AB300C6E372 /* var.h */,
				08FB7796FE84155DC02AAC07 /* main.cpp */,
			);
			name = Source;
			sourceTree = "<group>";
		};
		1AB674ADFE9D54B511CA2CBB /* Products */ = {
			isa = PBXGroup;
			children = (
				8DD76F6C0486A84900D96B5E /* SIM68K */,
			);
			name = Products;
			sourceTree = "<group>";
		};
		C6859E8C029090F304C91782 /* Documentation */ = {
			isa = PBXGroup;
			children = (
				C6859E8B029090EE04C91782 /* SIM68K.1 */,
			);
			name = Documentation;
			sourceTree = "<group>";
		};
/* End PBXGroup section */

/* Begin PBXNativeTarget section */
		8DD76F620486A84900D96B5E /* SIM68K */ = {
			isa = PBXNativeTarget;
			buildConfigurationList = 1DEB923108733DC60010E9CD /* Build configuration list for PBXNativeTarget "SIM68K" */;
			buildPhases = (
				8DD76F640486A84900D96B5E /* Sources */,
				8DD76F660486A84900D96B5E /* Frameworks */,
				8DD76F690486A84900D96B5E /* CopyFiles */,
			);
			buildRules = (
			);
			dependencies = (
			);
			name = SIM68K;
			productInstallPath = "$(HOME)/bin";
			productName = SIM68K;
			productReference = 8DD76F6C0486A84900D96B5E /* SIM68K */;
			productType = "com.apple.product-type.tool";
		};
/* End PBXNativeTarget section */

/* Begin PBXProject section */
		08FB7793FE84155DC02AAC07 /* Project object */ = {
			isa = PBXProject;
			buildConfigurationList = 1DEB923508733DC60010E9CD /* Build configuration list for PBXProject "SIM68K" */;
			compatibilityVersion = "Xcode 3.1";
			hasScannedForEncodings = 1;
			mainGroup = 08FB7794FE84155DC02AAC07 /* SIM68K */;
			projectDirPath = "";
			projectRoot = "";
			targets = (
				8DD76F620486A84900D96B5E /* SIM68K */,
			);
		};
/* End PBXProject section */

/* Begin PBXSourcesBuildPhase section */
		8DD76F640486A84900D96B5E /* Sources */ = {
			isa = PBXSourcesBuildPhase;
			buildActionMask = 2147483647;
			files = (
				147DBB6813107B1200C6E372 /* BPoint.cpp in Sources */,
				1472F19513113A0500C03ECD /* BPointExpr.cpp in Sources */,
				1472F1A013113A7100C03ECD /* CODE1.CPP in Sources */,
				1472F1A313113A9000C03ECD /* CODE2.CPP in Sources */,
				1472F1A813113A9F00C03ECD /* CODE3.CPP in Sources */,
				1472F1AB13113ABC00C03ECD /* CODE4.CPP in Sources */,
				1472F1B213113B0000C03ECD /* CODE5.CPP in Sources */,
				1472F1B513113B1100C03ECD /* CODE6.CPP in Sources */,
				1472F1B813113B1A00C03ECD /* CODE7.CPP in Sources */,
				1472F1EC1311CBBB00C03ECD /* RUN.CPP in Sources */,
				144D791D13128B7C00FCD561 /* SCAN.CPP in Sources */,
				144D792213128C3400FCD561 /* SIMOPS1.CPP in Sources */,
				144D792513128C4E00FCD561 /* SIMOPS2.CPP in Sources */,
				1416054B1314AD3D001C34AB /* STRUTILS.CPP in Sources */,
				1416055B1314AE21001C34AB /* UTILS.CPP in Sources */,
				141606531314DC7B001C34AB /* CODE8.CPP in Sources */,
			);
			runOnlyForDeploymentPostprocessing = 0;
		};
/* End PBXSourcesBuildPhase section */

/* Begin XCBuildConfiguration section */
		1DEB923208733DC60010E9CD /* Debug */ = {
			isa = XCBuildConfiguration;
			buildSettings = {
				ALWAYS_SEARCH_USER_PATHS = NO;
				COPY_PHASE_STRIP = NO;
				GCC_DYNAMIC_NO_PIC = NO;
				GCC_ENABLE_FIX_AND_CONTINUE = YES;
				GCC_MODEL_TUNING = G5;
				GCC_OPTIMIZATION_LEVEL = 0;
				GCC_PREPROCESSOR_DEFINITIONS = (
					"_GLIBCXX_DEBUG=1",
					"_GLIBCXX_DEBUG_PEDANTIC=1",
				);
				INSTALL_PATH = /usr/local/bin;
				PRODUCT_NAME = SIM68K;
			};
			name = Debug;
		};
		1DEB923308733DC60010E9CD /* Release */ = {
			isa = XCBuildConfiguration;
			buildSettings = {
				ALWAYS_SEARCH_USER_PATHS = NO;
				DEBUG_INFORMATION_FORMAT = "dwarf-with-dsym";
				GCC_MODEL_TUNING = G5;
				INSTALL_PATH = /usr/local/bin;
				PRODUCT_NAME = SIM68K;
			};
			name = Release;
		};
		1DEB923608733DC60010E9CD /* Debug */ = {
			isa = XCBuildConfiguration;
			buildSettings = {
				ARCHS = "$(ARCHS_STANDARD_32_64_BIT)";
				GCC_C_LANGUAGE_STANDARD = gnu99;
				GCC_OPTIMIZATION_LEVEL = 0;
				GCC_WARN_ABOUT_RETURN_TYPE = YES;
				GCC_WARN_UNUSED_VARIABLE = YES;
				MACOSX_DEPLOYMENT_TARGET = 10.5;
				ONLY_ACTIVE_ARCH = YES;
				PREBINDING = NO;
				SDKROOT = macosx10.6;
			};
			name = Debug;
		};
		1DEB923708733DC60010E9CD /* Release */ = {
			isa = XCBuildConfiguration;
			buildSettings = {
				ARCHS = "$(ARCHS_STANDARD_32_64_BIT)";
				GCC_C_LANGUAGE_STANDARD = gnu99;
				GCC_WARN_ABOUT_RETURN_TYPE = YES;
				GCC_WARN_UNUSED_VARIABLE = YES;
				MACOSX_DEPLOYMENT_TARGET = 10.5;
				ONLY_ACTIVE_ARCH = YES;
				PREBINDING = NO;
				SDKROOT = macosx10.6;
			};
			name = Release;
		};
/* End XCBuildConfiguration section */

/* Begin XCConfigurationList section */
		1DEB923108733DC60010E9CD /* Build configuration list for PBXNativeTarget "SIM68K" */ = {
			isa = XCConfigurationList;
			buildConfigurations = (
				1DEB923208733DC60010E9CD /* Debug */,
				1DEB923308733DC60010E9CD /* Release */,
			);
			defaultConfigurationIsVisible = 0;
			defaultConfigurationName = Release;
		};
		1DEB923508733DC60010E9CD /* Build configuration list for PBXProject "SIM68K" */ = {
			isa = XCConfigurationList;
			buildConfigurations = (
				1DEB923608733DC60010E9CD /* Debug */,
				1DEB923708733DC60010E9CD /* Release */,
			);
			defaultConfigurationIsVisible = 0;
			defaultConfigurationName = Release;
		};
/* End XCConfigurationList section */
	};
	rootObject = 08FB7793FE84155DC02AAC07 /* Project object */;
}
