// !$*UTF8*$!
{
	archiveVersion = 1;
	classes = {
	};
	objectVersion = 45;
	objects = {

/* Begin PBXBuildFile section */
		140089C1131EF4C6009B565A /* bpoint.cpp in Sources */ = {isa = PBXBuildFile; fileRef = 140089AF131EF4C6009B565A /* bpoint.cpp */; };
		140089C2131EF4C6009B565A /* bpointexpr.cpp in Sources */ = {isa = PBXBuildFile; fileRef = 140089B0131EF4C6009B565A /* bpointexpr.cpp */; };
		140089C3131EF4C6009B565A /* code1.cpp in Sources */ = {isa = PBXBuildFile; fileRef = 140089B1131EF4C6009B565A /* code1.cpp */; };
		140089C4131EF4C6009B565A /* code2.cpp in Sources */ = {isa = PBXBuildFile; fileRef = 140089B2131EF4C6009B565A /* code2.cpp */; };
		140089C5131EF4C6009B565A /* code3.cpp in Sources */ = {isa = PBXBuildFile; fileRef = 140089B3131EF4C6009B565A /* code3.cpp */; };
		140089C6131EF4C6009B565A /* code4.cpp in Sources */ = {isa = PBXBuildFile; fileRef = 140089B4131EF4C6009B565A /* code4.cpp */; };
		140089C7131EF4C6009B565A /* code5.cpp in Sources */ = {isa = PBXBuildFile; fileRef = 140089B5131EF4C6009B565A /* code5.cpp */; };
		140089C8131EF4C6009B565A /* code6.cpp in Sources */ = {isa = PBXBuildFile; fileRef = 140089B6131EF4C6009B565A /* code6.cpp */; };
		140089C9131EF4C6009B565A /* code7.cpp in Sources */ = {isa = PBXBuildFile; fileRef = 140089B7131EF4C6009B565A /* code7.cpp */; };
		140089CA131EF4C6009B565A /* code8.cpp in Sources */ = {isa = PBXBuildFile; fileRef = 140089B8131EF4C6009B565A /* code8.cpp */; };
		140089CB131EF4C6009B565A /* code9.cpp in Sources */ = {isa = PBXBuildFile; fileRef = 140089B9131EF4C6009B565A /* code9.cpp */; };
		140089CC131EF4C6009B565A /* run.cpp in Sources */ = {isa = PBXBuildFile; fileRef = 140089BA131EF4C6009B565A /* run.cpp */; };
		140089CD131EF4C6009B565A /* scan.cpp in Sources */ = {isa = PBXBuildFile; fileRef = 140089BB131EF4C6009B565A /* scan.cpp */; };
		140089CE131EF4C6009B565A /* simops1.cpp in Sources */ = {isa = PBXBuildFile; fileRef = 140089BC131EF4C6009B565A /* simops1.cpp */; };
		140089CF131EF4C6009B565A /* simops2.cpp in Sources */ = {isa = PBXBuildFile; fileRef = 140089BD131EF4C6009B565A /* simops2.cpp */; };
		140089D0131EF4C6009B565A /* startsim.cpp in Sources */ = {isa = PBXBuildFile; fileRef = 140089BE131EF4C6009B565A /* startsim.cpp */; };
		140089D1131EF4C6009B565A /* strutils.cpp in Sources */ = {isa = PBXBuildFile; fileRef = 140089BF131EF4C6009B565A /* strutils.cpp */; };
		140089D2131EF4C6009B565A /* utils.cpp in Sources */ = {isa = PBXBuildFile; fileRef = 140089C0131EF4C6009B565A /* utils.cpp */; };
		14008A44131F17BC009B565A /* Simulator.m in Sources */ = {isa = PBXBuildFile; fileRef = 14008A43131F17BC009B565A /* Simulator.m */; };
		141FDB261325B8E000A249F3 /* ShortHexStringTransformer.m in Sources */ = {isa = PBXBuildFile; fileRef = 141FDB251325B8E000A249F3 /* ShortHexStringTransformer.m */; };
		141FDB351325BA0800A249F3 /* ShortBinaryStringTransformer.m in Sources */ = {isa = PBXBuildFile; fileRef = 141FDB341325BA0800A249F3 /* ShortBinaryStringTransformer.m */; };
		141FDB791325DB0D00A249F3 /* IntHexStringTransformer.m in Sources */ = {isa = PBXBuildFile; fileRef = 141FDB781325DB0D00A249F3 /* IntHexStringTransformer.m */; };
		148C96E4131CECE1001CDD1C /* MarkerLineNumberView.m in Sources */ = {isa = PBXBuildFile; fileRef = 148C96DF131CECE1001CDD1C /* MarkerLineNumberView.m */; };
		148C96E5131CECE1001CDD1C /* NoodleLineNumberMarker.m in Sources */ = {isa = PBXBuildFile; fileRef = 148C96E1131CECE1001CDD1C /* NoodleLineNumberMarker.m */; };
		148C96E6131CECE1001CDD1C /* NoodleLineNumberView.m in Sources */ = {isa = PBXBuildFile; fileRef = 148C96E3131CECE1001CDD1C /* NoodleLineNumberView.m */; };
		14CFAD5F131EE717005D7D7A /* BWToolkitFramework.framework in Frameworks */ = {isa = PBXBuildFile; fileRef = 14CFAD5E131EE717005D7D7A /* BWToolkitFramework.framework */; };
		14CFAD97131EE739005D7D7A /* BWToolkitFramework.framework in CopyFiles */ = {isa = PBXBuildFile; fileRef = 14CFAD5E131EE717005D7D7A /* BWToolkitFramework.framework */; };
		1DDD58160DA1D0A300B32029 /* MainMenu.xib in Resources */ = {isa = PBXBuildFile; fileRef = 1DDD58140DA1D0A300B32029 /* MainMenu.xib */; };
		256AC3DA0F4B6AC300CF3369 /* Sim68KAppDelegate.m in Sources */ = {isa = PBXBuildFile; fileRef = 256AC3D90F4B6AC300CF3369 /* Sim68KAppDelegate.m */; };
		8D11072B0486CEB800E47090 /* InfoPlist.strings in Resources */ = {isa = PBXBuildFile; fileRef = 089C165CFE840E0CC02AAC07 /* InfoPlist.strings */; };
		8D11072D0486CEB800E47090 /* main.m in Sources */ = {isa = PBXBuildFile; fileRef = 29B97316FDCFA39411CA2CEA /* main.m */; settings = {ATTRIBUTES = (); }; };
		8D11072F0486CEB800E47090 /* Cocoa.framework in Frameworks */ = {isa = PBXBuildFile; fileRef = 1058C7A1FEA54F0111CA2CBB /* Cocoa.framework */; };
/* End PBXBuildFile section */

/* Begin PBXCopyFilesBuildPhase section */
		14CFADAB131EE73E005D7D7A /* CopyFiles */ = {
			isa = PBXCopyFilesBuildPhase;
			buildActionMask = 2147483647;
			dstPath = "";
			dstSubfolderSpec = 10;
			files = (
				14CFAD97131EE739005D7D7A /* BWToolkitFramework.framework in CopyFiles */,
			);
			runOnlyForDeploymentPostprocessing = 0;
		};
/* End PBXCopyFilesBuildPhase section */

/* Begin PBXFileReference section */
		089C165DFE840E0CC02AAC07 /* English */ = {isa = PBXFileReference; fileEncoding = 4; lastKnownFileType = text.plist.strings; name = English; path = English.lproj/InfoPlist.strings; sourceTree = "<group>"; };
		1058C7A1FEA54F0111CA2CBB /* Cocoa.framework */ = {isa = PBXFileReference; lastKnownFileType = wrapper.framework; name = Cocoa.framework; path = /System/Library/Frameworks/Cocoa.framework; sourceTree = "<absolute>"; };
		13E42FB307B3F0F600E4EEF1 /* CoreData.framework */ = {isa = PBXFileReference; lastKnownFileType = wrapper.framework; name = CoreData.framework; path = /System/Library/Frameworks/CoreData.framework; sourceTree = "<absolute>"; };
		140089A9131EF4C6009B565A /* BPoint.h */ = {isa = PBXFileReference; fileEncoding = 4; lastKnownFileType = sourcecode.c.h; path = BPoint.h; sourceTree = "<group>"; };
		140089AA131EF4C6009B565A /* BPointExpr.h */ = {isa = PBXFileReference; fileEncoding = 4; lastKnownFileType = sourcecode.c.h; path = BPointExpr.h; sourceTree = "<group>"; };
		140089AB131EF4C6009B565A /* def.h */ = {isa = PBXFileReference; fileEncoding = 4; lastKnownFileType = sourcecode.c.h; path = def.h; sourceTree = "<group>"; };
		140089AC131EF4C6009B565A /* extern.h */ = {isa = PBXFileReference; fileEncoding = 4; lastKnownFileType = sourcecode.c.h; path = extern.h; sourceTree = "<group>"; };
		140089AD131EF4C6009B565A /* proto.h */ = {isa = PBXFileReference; fileEncoding = 4; lastKnownFileType = sourcecode.c.h; path = proto.h; sourceTree = "<group>"; };
		140089AE131EF4C6009B565A /* var.h */ = {isa = PBXFileReference; fileEncoding = 4; lastKnownFileType = sourcecode.c.h; path = var.h; sourceTree = "<group>"; };
		140089AF131EF4C6009B565A /* bpoint.cpp */ = {isa = PBXFileReference; fileEncoding = 4; lastKnownFileType = sourcecode.cpp.cpp; path = bpoint.cpp; sourceTree = "<group>"; };
		140089B0131EF4C6009B565A /* bpointexpr.cpp */ = {isa = PBXFileReference; fileEncoding = 4; lastKnownFileType = sourcecode.cpp.cpp; path = bpointexpr.cpp; sourceTree = "<group>"; };
		140089B1131EF4C6009B565A /* code1.cpp */ = {isa = PBXFileReference; fileEncoding = 4; lastKnownFileType = sourcecode.cpp.cpp; path = code1.cpp; sourceTree = "<group>"; };
		140089B2131EF4C6009B565A /* code2.cpp */ = {isa = PBXFileReference; fileEncoding = 4; lastKnownFileType = sourcecode.cpp.cpp; path = code2.cpp; sourceTree = "<group>"; };
		140089B3131EF4C6009B565A /* code3.cpp */ = {isa = PBXFileReference; fileEncoding = 4; lastKnownFileType = sourcecode.cpp.cpp; path = code3.cpp; sourceTree = "<group>"; };
		140089B4131EF4C6009B565A /* code4.cpp */ = {isa = PBXFileReference; fileEncoding = 4; lastKnownFileType = sourcecode.cpp.cpp; path = code4.cpp; sourceTree = "<group>"; };
		140089B5131EF4C6009B565A /* code5.cpp */ = {isa = PBXFileReference; fileEncoding = 4; lastKnownFileType = sourcecode.cpp.cpp; path = code5.cpp; sourceTree = "<group>"; };
		140089B6131EF4C6009B565A /* code6.cpp */ = {isa = PBXFileReference; fileEncoding = 4; lastKnownFileType = sourcecode.cpp.cpp; path = code6.cpp; sourceTree = "<group>"; };
		140089B7131EF4C6009B565A /* code7.cpp */ = {isa = PBXFileReference; fileEncoding = 4; lastKnownFileType = sourcecode.cpp.cpp; path = code7.cpp; sourceTree = "<group>"; };
		140089B8131EF4C6009B565A /* code8.cpp */ = {isa = PBXFileReference; fileEncoding = 4; lastKnownFileType = sourcecode.cpp.cpp; path = code8.cpp; sourceTree = "<group>"; };
		140089B9131EF4C6009B565A /* code9.cpp */ = {isa = PBXFileReference; fileEncoding = 4; lastKnownFileType = sourcecode.cpp.cpp; path = code9.cpp; sourceTree = "<group>"; };
		140089BA131EF4C6009B565A /* run.cpp */ = {isa = PBXFileReference; fileEncoding = 4; lastKnownFileType = sourcecode.cpp.cpp; path = run.cpp; sourceTree = "<group>"; };
		140089BB131EF4C6009B565A /* scan.cpp */ = {isa = PBXFileReference; fileEncoding = 4; lastKnownFileType = sourcecode.cpp.cpp; path = scan.cpp; sourceTree = "<group>"; };
		140089BC131EF4C6009B565A /* simops1.cpp */ = {isa = PBXFileReference; fileEncoding = 4; lastKnownFileType = sourcecode.cpp.cpp; path = simops1.cpp; sourceTree = "<group>"; };
		140089BD131EF4C6009B565A /* simops2.cpp */ = {isa = PBXFileReference; fileEncoding = 4; lastKnownFileType = sourcecode.cpp.cpp; path = simops2.cpp; sourceTree = "<group>"; };
		140089BE131EF4C6009B565A /* startsim.cpp */ = {isa = PBXFileReference; fileEncoding = 4; lastKnownFileType = sourcecode.cpp.cpp; path = startsim.cpp; sourceTree = "<group>"; };
		140089BF131EF4C6009B565A /* strutils.cpp */ = {isa = PBXFileReference; fileEncoding = 4; lastKnownFileType = sourcecode.cpp.cpp; path = strutils.cpp; sourceTree = "<group>"; };
		140089C0131EF4C6009B565A /* utils.cpp */ = {isa = PBXFileReference; fileEncoding = 4; lastKnownFileType = sourcecode.cpp.cpp; path = utils.cpp; sourceTree = "<group>"; };
		140089DB131EF4E5009B565A /* opcodes.h */ = {isa = PBXFileReference; fileEncoding = 4; lastKnownFileType = sourcecode.c.h; path = opcodes.h; sourceTree = "<group>"; };
		14008A42131F17BC009B565A /* Simulator.h */ = {isa = PBXFileReference; fileEncoding = 4; lastKnownFileType = sourcecode.c.h; path = Simulator.h; sourceTree = "<group>"; };
		14008A43131F17BC009B565A /* Simulator.m */ = {isa = PBXFileReference; fileEncoding = 4; lastKnownFileType = sourcecode.c.objc; path = Simulator.m; sourceTree = "<group>"; };
		141FDB241325B8E000A249F3 /* ShortHexStringTransformer.h */ = {isa = PBXFileReference; fileEncoding = 4; lastKnownFileType = sourcecode.c.h; path = ShortHexStringTransformer.h; sourceTree = "<group>"; };
		141FDB251325B8E000A249F3 /* ShortHexStringTransformer.m */ = {isa = PBXFileReference; fileEncoding = 4; lastKnownFileType = sourcecode.c.objc; path = ShortHexStringTransformer.m; sourceTree = "<group>"; };
		141FDB331325BA0800A249F3 /* ShortBinaryStringTransformer.h */ = {isa = PBXFileReference; fileEncoding = 4; lastKnownFileType = sourcecode.c.h; path = ShortBinaryStringTransformer.h; sourceTree = "<group>"; };
		141FDB341325BA0800A249F3 /* ShortBinaryStringTransformer.m */ = {isa = PBXFileReference; fileEncoding = 4; lastKnownFileType = sourcecode.c.objc; path = ShortBinaryStringTransformer.m; sourceTree = "<group>"; };
		141FDB771325DB0D00A249F3 /* IntHexStringTransformer.h */ = {isa = PBXFileReference; fileEncoding = 4; lastKnownFileType = sourcecode.c.h; path = IntHexStringTransformer.h; sourceTree = "<group>"; };
		141FDB781325DB0D00A249F3 /* IntHexStringTransformer.m */ = {isa = PBXFileReference; fileEncoding = 4; lastKnownFileType = sourcecode.c.objc; path = IntHexStringTransformer.m; sourceTree = "<group>"; };
		148C96DE131CECE1001CDD1C /* MarkerLineNumberView.h */ = {isa = PBXFileReference; fileEncoding = 4; lastKnownFileType = sourcecode.c.h; path = MarkerLineNumberView.h; sourceTree = "<group>"; };
		148C96DF131CECE1001CDD1C /* MarkerLineNumberView.m */ = {isa = PBXFileReference; fileEncoding = 4; lastKnownFileType = sourcecode.c.objc; path = MarkerLineNumberView.m; sourceTree = "<group>"; };
		148C96E0131CECE1001CDD1C /* NoodleLineNumberMarker.h */ = {isa = PBXFileReference; fileEncoding = 4; lastKnownFileType = sourcecode.c.h; path = NoodleLineNumberMarker.h; sourceTree = "<group>"; };
		148C96E1131CECE1001CDD1C /* NoodleLineNumberMarker.m */ = {isa = PBXFileReference; fileEncoding = 4; lastKnownFileType = sourcecode.c.objc; path = NoodleLineNumberMarker.m; sourceTree = "<group>"; };
		148C96E2131CECE1001CDD1C /* NoodleLineNumberView.h */ = {isa = PBXFileReference; fileEncoding = 4; lastKnownFileType = sourcecode.c.h; path = NoodleLineNumberView.h; sourceTree = "<group>"; };
		148C96E3131CECE1001CDD1C /* NoodleLineNumberView.m */ = {isa = PBXFileReference; fileEncoding = 4; lastKnownFileType = sourcecode.c.objc; path = NoodleLineNumberView.m; sourceTree = "<group>"; };
		14CFAD5E131EE717005D7D7A /* BWToolkitFramework.framework */ = {isa = PBXFileReference; lastKnownFileType = wrapper.framework; name = BWToolkitFramework.framework; path = Library/Frameworks/BWToolkitFramework.framework; sourceTree = SDKROOT; };
		1DDD58150DA1D0A300B32029 /* English */ = {isa = PBXFileReference; lastKnownFileType = file.xib; name = English; path = English.lproj/MainMenu.xib; sourceTree = "<group>"; };
		256AC3D80F4B6AC300CF3369 /* Sim68KAppDelegate.h */ = {isa = PBXFileReference; fileEncoding = 4; lastKnownFileType = sourcecode.c.h; path = Sim68KAppDelegate.h; sourceTree = "<group>"; };
		256AC3D90F4B6AC300CF3369 /* Sim68KAppDelegate.m */ = {isa = PBXFileReference; fileEncoding = 4; lastKnownFileType = sourcecode.c.objc; path = Sim68KAppDelegate.m; sourceTree = "<group>"; };
		256AC3F00F4B6AF500CF3369 /* Sim68K_Prefix.pch */ = {isa = PBXFileReference; fileEncoding = 4; lastKnownFileType = sourcecode.c.h; path = Sim68K_Prefix.pch; sourceTree = "<group>"; };
		29B97316FDCFA39411CA2CEA /* main.m */ = {isa = PBXFileReference; fileEncoding = 4; lastKnownFileType = sourcecode.c.objc; path = main.m; sourceTree = "<group>"; };
		29B97324FDCFA39411CA2CEA /* AppKit.framework */ = {isa = PBXFileReference; lastKnownFileType = wrapper.framework; name = AppKit.framework; path = /System/Library/Frameworks/AppKit.framework; sourceTree = "<absolute>"; };
		29B97325FDCFA39411CA2CEA /* Foundation.framework */ = {isa = PBXFileReference; lastKnownFileType = wrapper.framework; name = Foundation.framework; path = /System/Library/Frameworks/Foundation.framework; sourceTree = "<absolute>"; };
		8D1107310486CEB800E47090 /* Sim68K-Info.plist */ = {isa = PBXFileReference; fileEncoding = 4; lastKnownFileType = text.plist.xml; path = "Sim68K-Info.plist"; sourceTree = "<group>"; };
		8D1107320486CEB800E47090 /* Sim68K.app */ = {isa = PBXFileReference; explicitFileType = wrapper.application; includeInIndex = 0; path = Sim68K.app; sourceTree = BUILT_PRODUCTS_DIR; };
/* End PBXFileReference section */

/* Begin PBXFrameworksBuildPhase section */
		8D11072E0486CEB800E47090 /* Frameworks */ = {
			isa = PBXFrameworksBuildPhase;
			buildActionMask = 2147483647;
			files = (
				8D11072F0486CEB800E47090 /* Cocoa.framework in Frameworks */,
				14CFAD5F131EE717005D7D7A /* BWToolkitFramework.framework in Frameworks */,
			);
			runOnlyForDeploymentPostprocessing = 0;
		};
/* End PBXFrameworksBuildPhase section */

/* Begin PBXGroup section */
		080E96DDFE201D6D7F000001 /* Classes */ = {
			isa = PBXGroup;
			children = (
				141FDB771325DB0D00A249F3 /* IntHexStringTransformer.h */,
				141FDB781325DB0D00A249F3 /* IntHexStringTransformer.m */,
				141FDB241325B8E000A249F3 /* ShortHexStringTransformer.h */,
				141FDB251325B8E000A249F3 /* ShortHexStringTransformer.m */,
				141FDB331325BA0800A249F3 /* ShortBinaryStringTransformer.h */,
				141FDB341325BA0800A249F3 /* ShortBinaryStringTransformer.m */,
				14008A42131F17BC009B565A /* Simulator.h */,
				14008A43131F17BC009B565A /* Simulator.m */,
				148C96DE131CECE1001CDD1C /* MarkerLineNumberView.h */,
				148C96DF131CECE1001CDD1C /* MarkerLineNumberView.m */,
				148C96E0131CECE1001CDD1C /* NoodleLineNumberMarker.h */,
				148C96E1131CECE1001CDD1C /* NoodleLineNumberMarker.m */,
				148C96E2131CECE1001CDD1C /* NoodleLineNumberView.h */,
				148C96E3131CECE1001CDD1C /* NoodleLineNumberView.m */,
				256AC3D80F4B6AC300CF3369 /* Sim68KAppDelegate.h */,
				256AC3D90F4B6AC300CF3369 /* Sim68KAppDelegate.m */,
			);
			name = Classes;
			sourceTree = "<group>";
		};
		1058C7A0FEA54F0111CA2CBB /* Linked Frameworks */ = {
			isa = PBXGroup;
			children = (
				1058C7A1FEA54F0111CA2CBB /* Cocoa.framework */,
				14CFAD5E131EE717005D7D7A /* BWToolkitFramework.framework */,
			);
			name = "Linked Frameworks";
			sourceTree = "<group>";
		};
		1058C7A2FEA54F0111CA2CBB /* Other Frameworks */ = {
			isa = PBXGroup;
			children = (
				29B97324FDCFA39411CA2CEA /* AppKit.framework */,
				13E42FB307B3F0F600E4EEF1 /* CoreData.framework */,
				29B97325FDCFA39411CA2CEA /* Foundation.framework */,
			);
			name = "Other Frameworks";
			sourceTree = "<group>";
		};
		14CFADCD131EEB20005D7D7A /* Sim68K Source */ = {
			isa = PBXGroup;
			children = (
				140089A9131EF4C6009B565A /* BPoint.h */,
				140089AA131EF4C6009B565A /* BPointExpr.h */,
				140089AB131EF4C6009B565A /* def.h */,
				140089AC131EF4C6009B565A /* extern.h */,
				140089DB131EF4E5009B565A /* opcodes.h */,
				140089AD131EF4C6009B565A /* proto.h */,
				140089AE131EF4C6009B565A /* var.h */,
				140089AF131EF4C6009B565A /* bpoint.cpp */,
				140089B0131EF4C6009B565A /* bpointexpr.cpp */,
				140089B1131EF4C6009B565A /* code1.cpp */,
				140089B2131EF4C6009B565A /* code2.cpp */,
				140089B3131EF4C6009B565A /* code3.cpp */,
				140089B4131EF4C6009B565A /* code4.cpp */,
				140089B5131EF4C6009B565A /* code5.cpp */,
				140089B6131EF4C6009B565A /* code6.cpp */,
				140089B7131EF4C6009B565A /* code7.cpp */,
				140089B8131EF4C6009B565A /* code8.cpp */,
				140089B9131EF4C6009B565A /* code9.cpp */,
				140089BA131EF4C6009B565A /* run.cpp */,
				140089BB131EF4C6009B565A /* scan.cpp */,
				140089BC131EF4C6009B565A /* simops1.cpp */,
				140089BD131EF4C6009B565A /* simops2.cpp */,
				140089BE131EF4C6009B565A /* startsim.cpp */,
				140089BF131EF4C6009B565A /* strutils.cpp */,
				140089C0131EF4C6009B565A /* utils.cpp */,
			);
			name = "Sim68K Source";
			sourceTree = "<group>";
		};
		19C28FACFE9D520D11CA2CBB /* Products */ = {
			isa = PBXGroup;
			children = (
				8D1107320486CEB800E47090 /* Sim68K.app */,
			);
			name = Products;
			sourceTree = "<group>";
		};
		29B97314FDCFA39411CA2CEA /* Sim68K */ = {
			isa = PBXGroup;
			children = (
				14CFADCD131EEB20005D7D7A /* Sim68K Source */,
				080E96DDFE201D6D7F000001 /* Classes */,
				29B97315FDCFA39411CA2CEA /* Other Sources */,
				29B97317FDCFA39411CA2CEA /* Resources */,
				29B97323FDCFA39411CA2CEA /* Frameworks */,
				19C28FACFE9D520D11CA2CBB /* Products */,
			);
			name = Sim68K;
			sourceTree = "<group>";
		};
		29B97315FDCFA39411CA2CEA /* Other Sources */ = {
			isa = PBXGroup;
			children = (
				256AC3F00F4B6AF500CF3369 /* Sim68K_Prefix.pch */,
				29B97316FDCFA39411CA2CEA /* main.m */,
			);
			name = "Other Sources";
			sourceTree = "<group>";
		};
		29B97317FDCFA39411CA2CEA /* Resources */ = {
			isa = PBXGroup;
			children = (
				8D1107310486CEB800E47090 /* Sim68K-Info.plist */,
				089C165CFE840E0CC02AAC07 /* InfoPlist.strings */,
				1DDD58140DA1D0A300B32029 /* MainMenu.xib */,
			);
			name = Resources;
			sourceTree = "<group>";
		};
		29B97323FDCFA39411CA2CEA /* Frameworks */ = {
			isa = PBXGroup;
			children = (
				1058C7A0FEA54F0111CA2CBB /* Linked Frameworks */,
				1058C7A2FEA54F0111CA2CBB /* Other Frameworks */,
			);
			name = Frameworks;
			sourceTree = "<group>";
		};
/* End PBXGroup section */

/* Begin PBXNativeTarget section */
		8D1107260486CEB800E47090 /* Sim68K */ = {
			isa = PBXNativeTarget;
			buildConfigurationList = C01FCF4A08A954540054247B /* Build configuration list for PBXNativeTarget "Sim68K" */;
			buildPhases = (
				8D1107290486CEB800E47090 /* Resources */,
				8D11072C0486CEB800E47090 /* Sources */,
				8D11072E0486CEB800E47090 /* Frameworks */,
				14CFADAB131EE73E005D7D7A /* CopyFiles */,
			);
			buildRules = (
			);
			dependencies = (
			);
			name = Sim68K;
			productInstallPath = "$(HOME)/Applications";
			productName = Sim68K;
			productReference = 8D1107320486CEB800E47090 /* Sim68K.app */;
			productType = "com.apple.product-type.application";
		};
/* End PBXNativeTarget section */

/* Begin PBXProject section */
		29B97313FDCFA39411CA2CEA /* Project object */ = {
			isa = PBXProject;
			buildConfigurationList = C01FCF4E08A954540054247B /* Build configuration list for PBXProject "Sim68K" */;
			compatibilityVersion = "Xcode 3.1";
			hasScannedForEncodings = 1;
			knownRegions = (
				English,
				Japanese,
				French,
				German,
			);
			mainGroup = 29B97314FDCFA39411CA2CEA /* Sim68K */;
			projectDirPath = "";
			projectRoot = "";
			targets = (
				8D1107260486CEB800E47090 /* Sim68K */,
			);
		};
/* End PBXProject section */

/* Begin PBXResourcesBuildPhase section */
		8D1107290486CEB800E47090 /* Resources */ = {
			isa = PBXResourcesBuildPhase;
			buildActionMask = 2147483647;
			files = (
				8D11072B0486CEB800E47090 /* InfoPlist.strings in Resources */,
				1DDD58160DA1D0A300B32029 /* MainMenu.xib in Resources */,
			);
			runOnlyForDeploymentPostprocessing = 0;
		};
/* End PBXResourcesBuildPhase section */

/* Begin PBXSourcesBuildPhase section */
		8D11072C0486CEB800E47090 /* Sources */ = {
			isa = PBXSourcesBuildPhase;
			buildActionMask = 2147483647;
			files = (
				8D11072D0486CEB800E47090 /* main.m in Sources */,
				256AC3DA0F4B6AC300CF3369 /* Sim68KAppDelegate.m in Sources */,
				148C96E4131CECE1001CDD1C /* MarkerLineNumberView.m in Sources */,
				148C96E5131CECE1001CDD1C /* NoodleLineNumberMarker.m in Sources */,
				148C96E6131CECE1001CDD1C /* NoodleLineNumberView.m in Sources */,
				140089C1131EF4C6009B565A /* bpoint.cpp in Sources */,
				140089C2131EF4C6009B565A /* bpointexpr.cpp in Sources */,
				140089C3131EF4C6009B565A /* code1.cpp in Sources */,
				140089C4131EF4C6009B565A /* code2.cpp in Sources */,
				140089C5131EF4C6009B565A /* code3.cpp in Sources */,
				140089C6131EF4C6009B565A /* code4.cpp in Sources */,
				140089C7131EF4C6009B565A /* code5.cpp in Sources */,
				140089C8131EF4C6009B565A /* code6.cpp in Sources */,
				140089C9131EF4C6009B565A /* code7.cpp in Sources */,
				140089CA131EF4C6009B565A /* code8.cpp in Sources */,
				140089CB131EF4C6009B565A /* code9.cpp in Sources */,
				140089CC131EF4C6009B565A /* run.cpp in Sources */,
				140089CD131EF4C6009B565A /* scan.cpp in Sources */,
				140089CE131EF4C6009B565A /* simops1.cpp in Sources */,
				140089CF131EF4C6009B565A /* simops2.cpp in Sources */,
				140089D0131EF4C6009B565A /* startsim.cpp in Sources */,
				140089D1131EF4C6009B565A /* strutils.cpp in Sources */,
				140089D2131EF4C6009B565A /* utils.cpp in Sources */,
				14008A44131F17BC009B565A /* Simulator.m in Sources */,
				141FDB261325B8E000A249F3 /* ShortHexStringTransformer.m in Sources */,
				141FDB351325BA0800A249F3 /* ShortBinaryStringTransformer.m in Sources */,
				141FDB791325DB0D00A249F3 /* IntHexStringTransformer.m in Sources */,
			);
			runOnlyForDeploymentPostprocessing = 0;
		};
/* End PBXSourcesBuildPhase section */

/* Begin PBXVariantGroup section */
		089C165CFE840E0CC02AAC07 /* InfoPlist.strings */ = {
			isa = PBXVariantGroup;
			children = (
				089C165DFE840E0CC02AAC07 /* English */,
			);
			name = InfoPlist.strings;
			sourceTree = "<group>";
		};
		1DDD58140DA1D0A300B32029 /* MainMenu.xib */ = {
			isa = PBXVariantGroup;
			children = (
				1DDD58150DA1D0A300B32029 /* English */,
			);
			name = MainMenu.xib;
			sourceTree = "<group>";
		};
/* End PBXVariantGroup section */

/* Begin XCBuildConfiguration section */
		C01FCF4B08A954540054247B /* Debug */ = {
			isa = XCBuildConfiguration;
			buildSettings = {
				ALWAYS_SEARCH_USER_PATHS = NO;
				COPY_PHASE_STRIP = NO;
				GCC_DYNAMIC_NO_PIC = NO;
				GCC_ENABLE_FIX_AND_CONTINUE = YES;
				GCC_MODEL_TUNING = G5;
				GCC_OPTIMIZATION_LEVEL = 0;
				GCC_PRECOMPILE_PREFIX_HEADER = YES;
				GCC_PREFIX_HEADER = Sim68K_Prefix.pch;
				INFOPLIST_FILE = "Sim68K-Info.plist";
				INSTALL_PATH = "$(HOME)/Applications";
				PRODUCT_NAME = Sim68K;
			};
			name = Debug;
		};
		C01FCF4C08A954540054247B /* Release */ = {
			isa = XCBuildConfiguration;
			buildSettings = {
				ALWAYS_SEARCH_USER_PATHS = NO;
				DEBUG_INFORMATION_FORMAT = "dwarf-with-dsym";
				GCC_MODEL_TUNING = G5;
				GCC_PRECOMPILE_PREFIX_HEADER = YES;
				GCC_PREFIX_HEADER = Sim68K_Prefix.pch;
				INFOPLIST_FILE = "Sim68K-Info.plist";
				INSTALL_PATH = "$(HOME)/Applications";
				PRODUCT_NAME = Sim68K;
			};
			name = Release;
		};
		C01FCF4F08A954540054247B /* Debug */ = {
			isa = XCBuildConfiguration;
			buildSettings = {
				ARCHS = "$(ARCHS_STANDARD_32_64_BIT)";
				GCC_C_LANGUAGE_STANDARD = gnu99;
				GCC_ENABLE_OBJC_GC = required;
				GCC_INPUT_FILETYPE = sourcecode.cpp.objcpp;
				GCC_OPTIMIZATION_LEVEL = 0;
				GCC_WARN_ABOUT_RETURN_TYPE = YES;
				GCC_WARN_UNUSED_VARIABLE = YES;
				ONLY_ACTIVE_ARCH = YES;
				PREBINDING = NO;
				SDKROOT = macosx10.6;
			};
			name = Debug;
		};
		C01FCF5008A954540054247B /* Release */ = {
			isa = XCBuildConfiguration;
			buildSettings = {
				ARCHS = "$(ARCHS_STANDARD_32_64_BIT)";
				GCC_C_LANGUAGE_STANDARD = gnu99;
				GCC_ENABLE_OBJC_GC = required;
				GCC_WARN_ABOUT_RETURN_TYPE = YES;
				GCC_WARN_UNUSED_VARIABLE = YES;
				PREBINDING = NO;
				SDKROOT = macosx10.6;
			};
			name = Release;
		};
/* End XCBuildConfiguration section */

/* Begin XCConfigurationList section */
		C01FCF4A08A954540054247B /* Build configuration list for PBXNativeTarget "Sim68K" */ = {
			isa = XCConfigurationList;
			buildConfigurations = (
				C01FCF4B08A954540054247B /* Debug */,
				C01FCF4C08A954540054247B /* Release */,
			);
			defaultConfigurationIsVisible = 0;
			defaultConfigurationName = Release;
		};
		C01FCF4E08A954540054247B /* Build configuration list for PBXProject "Sim68K" */ = {
			isa = XCConfigurationList;
			buildConfigurations = (
				C01FCF4F08A954540054247B /* Debug */,
				C01FCF5008A954540054247B /* Release */,
			);
			defaultConfigurationIsVisible = 0;
			defaultConfigurationName = Release;
		};
/* End XCConfigurationList section */
	};
	rootObject = 29B97313FDCFA39411CA2CEA /* Project object */;
}
